// !$*UTF8*$!
{
	archiveVersion = 1;
	classes = {
	};
	objectVersion = 46;
	objects = {

/* Begin PBXBuildFile section */
		73BC600FA3D1823DFF3E43DC /* UIColor+HyperHabit.swift in Sources */ = {isa = PBXBuildFile; fileRef = 73BC6EE0A09AB6BBC21410A6 /* UIColor+HyperHabit.swift */; };
		73BC601BD33E45B9AAC0452A /* EditHabitViewController.swift in Sources */ = {isa = PBXBuildFile; fileRef = 73BC620A9FF858BFEB8597B3 /* EditHabitViewController.swift */; };
		73BC60927BD09A1378E6CF20 /* Habit+PlistObject.swift in Sources */ = {isa = PBXBuildFile; fileRef = 73BC649D9156A711A874C64E /* Habit+PlistObject.swift */; };
		73BC60AAB1271E1F3C0EF6F1 /* PlistCache.swift in Sources */ = {isa = PBXBuildFile; fileRef = 73BC639BF7B0771327C1EA25 /* PlistCache.swift */; };
		73BC60B20CF2AC052B56E82B /* DataSource.swift in Sources */ = {isa = PBXBuildFile; fileRef = 73BC6D5B3DA0184778419277 /* DataSource.swift */; };
		73BC611015B9409E9C0D368A /* App.swift in Sources */ = {isa = PBXBuildFile; fileRef = 73BC6D36DEAA5EA2A8AED39C /* App.swift */; };
		73BC612F988CB3CC606E3367 /* MonthCollectionReusableView.swift in Sources */ = {isa = PBXBuildFile; fileRef = 73BC660BC4EB0AB85BBC79ED /* MonthCollectionReusableView.swift */; };
		73BC613D096CE754EE3CE0CF /* Report+Parse.swift in Sources */ = {isa = PBXBuildFile; fileRef = 73BC6C12FB020C0B3154BAF8 /* Report+Parse.swift */; };
		73BC61E73FF89FF8D699E455 /* App.swift in Sources */ = {isa = PBXBuildFile; fileRef = 73BC68822C48506F70552FE7 /* App.swift */; };
		73BC6212A920CB533B710A22 /* ThemePickerViewController.swift in Sources */ = {isa = PBXBuildFile; fileRef = 73BC611F827C14DFD8429CF3 /* ThemePickerViewController.swift */; };
		73BC6268400F4E8CA058205E /* ThemedViewController.swift in Sources */ = {isa = PBXBuildFile; fileRef = 73BC661ACFB808416536F6B0 /* ThemedViewController.swift */; };
		73BC6292D2184EA8723FA832 /* LineView.swift in Sources */ = {isa = PBXBuildFile; fileRef = 73BC6176C0D159A6FC336317 /* LineView.swift */; };
		73BC633484A642A7CC0F4B29 /* Report.swift in Sources */ = {isa = PBXBuildFile; fileRef = 73BC6257F7926F5029E191EA /* Report.swift */; };
		73BC63738D0525CB7FE2962E /* Service.swift in Sources */ = {isa = PBXBuildFile; fileRef = 73BC603928F193F9B3D10622 /* Service.swift */; };
		73BC63969986AD18784BFFB0 /* PlistCache.swift in Sources */ = {isa = PBXBuildFile; fileRef = 73BC639BF7B0771327C1EA25 /* PlistCache.swift */; };
		73BC63B57CFD9530C2D61B7E /* ThemePickerDataSource.swift in Sources */ = {isa = PBXBuildFile; fileRef = 73BC66EDA2A91CE6B0D41736 /* ThemePickerDataSource.swift */; };
		73BC63CC9A466959D80CDA86 /* ReportsByDateViewController.swift in Sources */ = {isa = PBXBuildFile; fileRef = 73BC63078589D984B029581D /* ReportsByDateViewController.swift */; };
		73BC64047F0D9071820BD160 /* ParseService.swift in Sources */ = {isa = PBXBuildFile; fileRef = 73BC670CD39754C6B82C92D7 /* ParseService.swift */; };
		73BC6425575996C5E5A8ECEA /* TodayDataSourceTestCase.swift in Sources */ = {isa = PBXBuildFile; fileRef = 73BC6679FD4B9BBFE5CA4A9D /* TodayDataSourceTestCase.swift */; };
		73BC645F8E28727CAB1A1196 /* ParseService.swift in Sources */ = {isa = PBXBuildFile; fileRef = 73BC670CD39754C6B82C92D7 /* ParseService.swift */; };
		73BC6496642535D409208C57 /* HabitListViewController.swift in Sources */ = {isa = PBXBuildFile; fileRef = 73BC6BEDE3C796DA6CF31B32 /* HabitListViewController.swift */; };
		73BC64CCEDA3AA754B9606E2 /* NSDate+HyperHabit.swift in Sources */ = {isa = PBXBuildFile; fileRef = 73BC68C909B5D6F55841462D /* NSDate+HyperHabit.swift */; };
		73BC64D1753EAFB04AAF13C3 /* SettingsViewController.swift in Sources */ = {isa = PBXBuildFile; fileRef = 73BC66D0E11539D097D3B21A /* SettingsViewController.swift */; };
		73BC64E424F16B66E9C3F03A /* Habit+Parse.swift in Sources */ = {isa = PBXBuildFile; fileRef = 73BC6A368C62A04A34352FA2 /* Habit+Parse.swift */; };
		73BC64FDDC35129A0B541748 /* HabitEditorTestCase.swift in Sources */ = {isa = PBXBuildFile; fileRef = 73BC612118307D2A7C51D4F9 /* HabitEditorTestCase.swift */; };
		73BC65163A6E21434542C997 /* ChangesObserver.swift in Sources */ = {isa = PBXBuildFile; fileRef = 73BC6A94CBCA08D2EC337327 /* ChangesObserver.swift */; };
		73BC6536368992A54577F092 /* Test.swift in Sources */ = {isa = PBXBuildFile; fileRef = 73BC6EB6468E4C72B3BB2542 /* Test.swift */; };
		73BC654884068C8B8B969D3C /* ServiceUIAuthentication.swift in Sources */ = {isa = PBXBuildFile; fileRef = 73BC67C86B3800C96E0E7824 /* ServiceUIAuthentication.swift */; };
		73BC654909448959DBA56ECC /* StatisticsForDateViewController.swift in Sources */ = {isa = PBXBuildFile; fileRef = 73BC6948C7AD8DA4CA2DADE5 /* StatisticsForDateViewController.swift */; };
		73BC654A3C3F6E787F10E89F /* Service.swift in Sources */ = {isa = PBXBuildFile; fileRef = 73BC603928F193F9B3D10622 /* Service.swift */; };
		73BC65AAF0EBC3E75E22C757 /* TodayDataSourceTestCase+todayReports.swift in Sources */ = {isa = PBXBuildFile; fileRef = 73BC6E49AE47A52824875F01 /* TodayDataSourceTestCase+todayReports.swift */; };
		73BC65D1874610D81D4C7A4A /* Habit.swift in Sources */ = {isa = PBXBuildFile; fileRef = 73BC6DA8E33A985656DC2D10 /* Habit.swift */; };
		73BC662D541534BBEB57845D /* TextField.swift in Sources */ = {isa = PBXBuildFile; fileRef = 73BC621C25AA1DECFD4352C6 /* TextField.swift */; };
		73BC666EF01D7D96E5190BA9 /* DataManagerTestCase+reportsForDate.swift in Sources */ = {isa = PBXBuildFile; fileRef = 73BC6EBEDB008DCE20D95068 /* DataManagerTestCase+reportsForDate.swift */; };
		73BC6684A1BFD0F7AF642ACE /* DataManagerTestCase+deleteHabit.swift in Sources */ = {isa = PBXBuildFile; fileRef = 73BC626C82087B7AC0213E23 /* DataManagerTestCase+deleteHabit.swift */; };
		73BC66A210D43A9516BEE8CD /* Habit+PlistObject.swift in Sources */ = {isa = PBXBuildFile; fileRef = 73BC649D9156A711A874C64E /* Habit+PlistObject.swift */; };
		73BC66AAEDB65397CE80BD2B /* EditHabitDataSource.swift in Sources */ = {isa = PBXBuildFile; fileRef = 73BC60555FA961657F7E2071 /* EditHabitDataSource.swift */; };
		73BC66B35670341D6E8B3E9A /* Report+PlistObject.swift in Sources */ = {isa = PBXBuildFile; fileRef = 73BC6CB6C9A13683FB517463 /* Report+PlistObject.swift */; };
		73BC66C0ABD2B9E465DF2108 /* Report+PlistObject.swift in Sources */ = {isa = PBXBuildFile; fileRef = 73BC6CB6C9A13683FB517463 /* Report+PlistObject.swift */; };
		73BC66C1E3EFAF6C4EAA94B3 /* ChangesObserver.swift in Sources */ = {isa = PBXBuildFile; fileRef = 73BC6A94CBCA08D2EC337327 /* ChangesObserver.swift */; };
		73BC6700D48633F4274A3735 /* TodayDataSource.swift in Sources */ = {isa = PBXBuildFile; fileRef = 73BC6877D708F73E911BB63A /* TodayDataSource.swift */; };
		73BC670559A637730119FE30 /* BackgroundImageView.swift in Sources */ = {isa = PBXBuildFile; fileRef = 73BC6DCA49864BE9D3395712 /* BackgroundImageView.swift */; };
		73BC67134B75A49EE1904446 /* Habit+Parse.swift in Sources */ = {isa = PBXBuildFile; fileRef = 73BC6A368C62A04A34352FA2 /* Habit+Parse.swift */; };
		73BC67724D067790E8B7D971 /* TintView.swift in Sources */ = {isa = PBXBuildFile; fileRef = 73BC6535C50D1EA1106C5654 /* TintView.swift */; };
		73BC67865C9DEA9C99013D42 /* ReportsByDateDataSource.swift in Sources */ = {isa = PBXBuildFile; fileRef = 73BC65F462415533EB6BDC24 /* ReportsByDateDataSource.swift */; };
		73BC67B00A6B4D4FF63B1F3D /* Report+Parse.swift in Sources */ = {isa = PBXBuildFile; fileRef = 73BC6C12FB020C0B3154BAF8 /* Report+Parse.swift */; };
		73BC680E466617DF5ACC29B1 /* ThemeManager.swift in Sources */ = {isa = PBXBuildFile; fileRef = 73BC600B5E0E7B25BD297789 /* ThemeManager.swift */; };
		73BC683D80EB18DDA475AB73 /* DataProvider.swift in Sources */ = {isa = PBXBuildFile; fileRef = 73BC6F900A999B2AC02A5DE8 /* DataProvider.swift */; };
		73BC688A7B6EF43B6939AB76 /* LineCollectionReusableView.swift in Sources */ = {isa = PBXBuildFile; fileRef = 73BC65FCA0FC58AF2270FFD2 /* LineCollectionReusableView.swift */; };
		73BC68934F30C6C40A0B947B /* Label.swift in Sources */ = {isa = PBXBuildFile; fileRef = 73BC6FA62589C8A31831322E /* Label.swift */; };
		73BC689F5B32811D3BF50CE5 /* Report+Parse.swift in Sources */ = {isa = PBXBuildFile; fileRef = 73BC6C12FB020C0B3154BAF8 /* Report+Parse.swift */; };
		73BC68B92DB07109CD8DE1F5 /* StatisticsViewController.swift in Sources */ = {isa = PBXBuildFile; fileRef = 73BC65627503815AE1B8EBD6 /* StatisticsViewController.swift */; };
		73BC6926D8043A8D2884A763 /* StatisticsDataSource.swift in Sources */ = {isa = PBXBuildFile; fileRef = 73BC6CF8F185EB061DBD7877 /* StatisticsDataSource.swift */; };
		73BC6932C0FC20C7F350B289 /* SignUpViewController.swift in Sources */ = {isa = PBXBuildFile; fileRef = 73BC6469ADBEE9810A61186F /* SignUpViewController.swift */; };
		73BC6933E1377E3482644CA4 /* HabitCell.swift in Sources */ = {isa = PBXBuildFile; fileRef = 73BC66A27559D5F70B19A69F /* HabitCell.swift */; };
		73BC69B05D467112C7BCA258 /* PlistCache.swift in Sources */ = {isa = PBXBuildFile; fileRef = 73BC639BF7B0771327C1EA25 /* PlistCache.swift */; };
		73BC69B6EA0E0376559AEF78 /* MXAccessoryView.swift in Sources */ = {isa = PBXBuildFile; fileRef = 73BC6B4623CA84A16655859E /* MXAccessoryView.swift */; };
		73BC69F8A8B444EA3A24E042 /* DataManagerTestCase+saveHabit.swift in Sources */ = {isa = PBXBuildFile; fileRef = 73BC6D48DE9F032647144031 /* DataManagerTestCase+saveHabit.swift */; };
		73BC6A13933747D2E11B9038 /* DataProvider.swift in Sources */ = {isa = PBXBuildFile; fileRef = 73BC6F900A999B2AC02A5DE8 /* DataProvider.swift */; };
		73BC6A525EFDBCA7346B8E93 /* CheckboxView.swift in Sources */ = {isa = PBXBuildFile; fileRef = 73BC66368BDECB7E1D5F4889 /* CheckboxView.swift */; };
		73BC6A7A6EB973C9DC64433A /* Cache.swift in Sources */ = {isa = PBXBuildFile; fileRef = 73BC62C46521AD2197F75E92 /* Cache.swift */; };
		73BC6A801BBCBD8FD5308643 /* Cache.swift in Sources */ = {isa = PBXBuildFile; fileRef = 73BC62C46521AD2197F75E92 /* Cache.swift */; };
		73BC6AC78402FA74FBCDA762 /* MockDataManager.swift in Sources */ = {isa = PBXBuildFile; fileRef = 73BC61E8D3B8A144E472A3D5 /* MockDataManager.swift */; };
		73BC6ADBA352048BC0A955D1 /* ThemeCell.swift in Sources */ = {isa = PBXBuildFile; fileRef = 73BC6E72395B3A9152E154E6 /* ThemeCell.swift */; };
		73BC6AF000D6E149BCC6039F /* Report.swift in Sources */ = {isa = PBXBuildFile; fileRef = 73BC6257F7926F5029E191EA /* Report.swift */; };
		73BC6AF7250DF2F6AF6C7621 /* DataManager.swift in Sources */ = {isa = PBXBuildFile; fileRef = 73BC6C850804E2D3B78DB687 /* DataManager.swift */; };
		73BC6B0C27FB42AA4C2EACEC /* ServiceUIAuthentication.swift in Sources */ = {isa = PBXBuildFile; fileRef = 73BC67C86B3800C96E0E7824 /* ServiceUIAuthentication.swift */; };
		73BC6B18E86FB2EFF0D0369A /* Theme.swift in Sources */ = {isa = PBXBuildFile; fileRef = 73BC66B2361EC437AD3D5179 /* Theme.swift */; };
		73BC6B1F5FBC74A3E6903A7D /* BackgroundView.swift in Sources */ = {isa = PBXBuildFile; fileRef = 73BC6CCBE6B9A781C9347D47 /* BackgroundView.swift */; };
		73BC6BAFD3E0BCAAE7745469 /* ParseService.swift in Sources */ = {isa = PBXBuildFile; fileRef = 73BC670CD39754C6B82C92D7 /* ParseService.swift */; };
		73BC6BD9F20C2D8AE3F1741E /* Service.swift in Sources */ = {isa = PBXBuildFile; fileRef = 73BC603928F193F9B3D10622 /* Service.swift */; };
		73BC6BF6715328CFF92F92BA /* LineView.swift in Sources */ = {isa = PBXBuildFile; fileRef = 73BC6176C0D159A6FC336317 /* LineView.swift */; };
		73BC6C28A5F03998A33426DF /* DataSource.swift in Sources */ = {isa = PBXBuildFile; fileRef = 73BC6D5B3DA0184778419277 /* DataSource.swift */; };
		73BC6C31469750ABD353AF6B /* Report.swift in Sources */ = {isa = PBXBuildFile; fileRef = 73BC6257F7926F5029E191EA /* Report.swift */; };
		73BC6C92461627921BA60EB0 /* EditHabitDataSource.swift in Sources */ = {isa = PBXBuildFile; fileRef = 73BC60555FA961657F7E2071 /* EditHabitDataSource.swift */; };
		73BC6CBF55DBA058B91822C1 /* CheckboxView.swift in Sources */ = {isa = PBXBuildFile; fileRef = 73BC66368BDECB7E1D5F4889 /* CheckboxView.swift */; };
		73BC6D3D8E8D60D95FB440A7 /* DataManager.swift in Sources */ = {isa = PBXBuildFile; fileRef = 73BC6C850804E2D3B78DB687 /* DataManager.swift */; };
		73BC6D41ADECE2CF00B37FED /* HabitEditor.swift in Sources */ = {isa = PBXBuildFile; fileRef = 73BC6F6F4EC241889A7EEFBB /* HabitEditor.swift */; };
		73BC6D4CD1A62104B8B7B558 /* Habit+PlistObject.swift in Sources */ = {isa = PBXBuildFile; fileRef = 73BC649D9156A711A874C64E /* Habit+PlistObject.swift */; };
		73BC6D703398D835462EB01E /* DayCell.swift in Sources */ = {isa = PBXBuildFile; fileRef = 73BC63C7B79CF01FDEDB078B /* DayCell.swift */; };
		73BC6D9CF53D8F33005B437C /* ChangesObserver.swift in Sources */ = {isa = PBXBuildFile; fileRef = 73BC6A94CBCA08D2EC337327 /* ChangesObserver.swift */; };
		73BC6DA774E3ABF8C1D6D0E2 /* DataProvider.swift in Sources */ = {isa = PBXBuildFile; fileRef = 73BC6F900A999B2AC02A5DE8 /* DataProvider.swift */; };
		73BC6DAAF7353CDC03D11D91 /* StatisticsForDateDataSource.swift in Sources */ = {isa = PBXBuildFile; fileRef = 73BC64CBFCB8EB14D0D3659E /* StatisticsForDateDataSource.swift */; };
		73BC6DB59B5866C2C96B77CB /* DataManager.swift in Sources */ = {isa = PBXBuildFile; fileRef = 73BC6C850804E2D3B78DB687 /* DataManager.swift */; };
		73BC6DCE32F9C2FADE737A06 /* Habit+Parse.swift in Sources */ = {isa = PBXBuildFile; fileRef = 73BC6A368C62A04A34352FA2 /* Habit+Parse.swift */; };
		73BC6DD0D1BC4B545D2721DE /* HabitListDataSource.swift in Sources */ = {isa = PBXBuildFile; fileRef = 73BC64E2FFE2AE41A58AFF22 /* HabitListDataSource.swift */; };
		73BC6DD591FCD93496895942 /* DatePickerViewController.swift in Sources */ = {isa = PBXBuildFile; fileRef = 73BC617E47287F24838E38B8 /* DatePickerViewController.swift */; };
		73BC6DD5B264DE8AF31C60F9 /* Habit.swift in Sources */ = {isa = PBXBuildFile; fileRef = 73BC6DA8E33A985656DC2D10 /* Habit.swift */; };
		73BC6DDC36C14242551D334A /* ServiceUIAuthentication.swift in Sources */ = {isa = PBXBuildFile; fileRef = 73BC67C86B3800C96E0E7824 /* ServiceUIAuthentication.swift */; };
		73BC6E82D5A3F3142B817E9F /* Cache.swift in Sources */ = {isa = PBXBuildFile; fileRef = 73BC62C46521AD2197F75E92 /* Cache.swift */; };
		73BC6EA1BADE193C6E7D2D28 /* ReportCell.swift in Sources */ = {isa = PBXBuildFile; fileRef = 73BC62C85A2762441A3FF92D /* ReportCell.swift */; };
		73BC6EC793B067F7439B771A /* UIColor+Hyper.swift in Sources */ = {isa = PBXBuildFile; fileRef = 73BC6EC850FB98E0148C8E25 /* UIColor+Hyper.swift */; };
		73BC6F2E8DBEC7CDCD0D5437 /* Habit.swift in Sources */ = {isa = PBXBuildFile; fileRef = 73BC6DA8E33A985656DC2D10 /* Habit.swift */; };
		73BC6F3B91197B45DE9C9E9B /* DataManagerTestCase.swift in Sources */ = {isa = PBXBuildFile; fileRef = 73BC67F341E79819CED21B52 /* DataManagerTestCase.swift */; };
		73BC6F6EDB055316DBC6B7D2 /* TodayViewController.swift in Sources */ = {isa = PBXBuildFile; fileRef = 73BC676D212721E13748EBCE /* TodayViewController.swift */; };
		73BC6F9058CF16C24FD4A515 /* LogInViewController.swift in Sources */ = {isa = PBXBuildFile; fileRef = 73BC615F160ED6CDA6EA8B5E /* LogInViewController.swift */; };
		73BC6F9872138F86CA87E69D /* Report+PlistObject.swift in Sources */ = {isa = PBXBuildFile; fileRef = 73BC6CB6C9A13683FB517463 /* Report+PlistObject.swift */; };
		73BC6F9FB1AE35BA7BC7F5B5 /* HabitEditor.swift in Sources */ = {isa = PBXBuildFile; fileRef = 73BC6F6F4EC241889A7EEFBB /* HabitEditor.swift */; };
		73BC6FC7792F42632C7FEB38 /* StatisticsForDateDataSource.swift in Sources */ = {isa = PBXBuildFile; fileRef = 73BC64CBFCB8EB14D0D3659E /* StatisticsForDateDataSource.swift */; };
		73BC6FD9B843E25B32513064 /* UIColor+Hyper.swift in Sources */ = {isa = PBXBuildFile; fileRef = 73BC6EC850FB98E0148C8E25 /* UIColor+Hyper.swift */; };
		73BC6FE73A72C97A96896B31 /* StatisticsDataSource.swift in Sources */ = {isa = PBXBuildFile; fileRef = 73BC6CF8F185EB061DBD7877 /* StatisticsDataSource.swift */; };
		C506575D1C11B3F300DCB557 /* DTFolderMonitor.m in Sources */ = {isa = PBXBuildFile; fileRef = C506575B1C11B3F300DCB557 /* DTFolderMonitor.m */; };
		C506575E1C11B3F300DCB557 /* DTFolderMonitor.m in Sources */ = {isa = PBXBuildFile; fileRef = C506575B1C11B3F300DCB557 /* DTFolderMonitor.m */; };
		C506575F1C11B3F300DCB557 /* DTFolderMonitor.m in Sources */ = {isa = PBXBuildFile; fileRef = C506575B1C11B3F300DCB557 /* DTFolderMonitor.m */; };
		C51CB18B1C4914B500D597E6 /* MXDayCell.swift in Sources */ = {isa = PBXBuildFile; fileRef = C51CB1861C4914B500D597E6 /* MXDayCell.swift */; };
		C51CB18C1C4914B500D597E6 /* MXEmptyCell.swift in Sources */ = {isa = PBXBuildFile; fileRef = C51CB1871C4914B500D597E6 /* MXEmptyCell.swift */; };
		C51CB18D1C4914B500D597E6 /* MXInactiveDayCell.swift in Sources */ = {isa = PBXBuildFile; fileRef = C51CB1881C4914B500D597E6 /* MXInactiveDayCell.swift */; };
		C51CB18E1C4914B500D597E6 /* MXMonthCell.swift in Sources */ = {isa = PBXBuildFile; fileRef = C51CB1891C4914B500D597E6 /* MXMonthCell.swift */; };
		C51CB18F1C4914B500D597E6 /* MXTextCell.swift in Sources */ = {isa = PBXBuildFile; fileRef = C51CB18A1C4914B500D597E6 /* MXTextCell.swift */; };
		C51CB1921C49153700D597E6 /* MXCalendarView.swift in Sources */ = {isa = PBXBuildFile; fileRef = C51CB1901C49153700D597E6 /* MXCalendarView.swift */; };
		C51CB1931C49153700D597E6 /* MXMonthView.swift in Sources */ = {isa = PBXBuildFile; fileRef = C51CB1911C49153700D597E6 /* MXMonthView.swift */; };
		C53ABD001C02F800007F27FE /* Habit.swift in Sources */ = {isa = PBXBuildFile; fileRef = 73BC6DA8E33A985656DC2D10 /* Habit.swift */; };
		C53ABD011C02F800007F27FE /* Report.swift in Sources */ = {isa = PBXBuildFile; fileRef = 73BC6257F7926F5029E191EA /* Report.swift */; };
		C53ABD031C02F800007F27FE /* DataProvider.swift in Sources */ = {isa = PBXBuildFile; fileRef = 73BC6F900A999B2AC02A5DE8 /* DataProvider.swift */; };
		C53ABD071C02F90A007F27FE /* DataSource.swift in Sources */ = {isa = PBXBuildFile; fileRef = 73BC6D5B3DA0184778419277 /* DataSource.swift */; };
		C53ABD0F1C032C22007F27FE /* Bolts.framework in Frameworks */ = {isa = PBXBuildFile; fileRef = C53ABD091C032C22007F27FE /* Bolts.framework */; };
		C53ABD121C032C23007F27FE /* Bolts.framework in Frameworks */ = {isa = PBXBuildFile; fileRef = C53ABD091C032C22007F27FE /* Bolts.framework */; };
		C53ABD131C032C23007F27FE /* Parse.framework in Frameworks */ = {isa = PBXBuildFile; fileRef = C53ABD0A1C032C22007F27FE /* Parse.framework */; };
		C53ABD161C032C23007F27FE /* Parse.framework in Frameworks */ = {isa = PBXBuildFile; fileRef = C53ABD0A1C032C22007F27FE /* Parse.framework */; };
		C53ABD1B1C032C23007F27FE /* ParseFacebookUtilsV4.framework in Frameworks */ = {isa = PBXBuildFile; fileRef = C53ABD0C1C032C22007F27FE /* ParseFacebookUtilsV4.framework */; };
		C53ABD1E1C032C23007F27FE /* ParseFacebookUtilsV4.framework in Frameworks */ = {isa = PBXBuildFile; fileRef = C53ABD0C1C032C22007F27FE /* ParseFacebookUtilsV4.framework */; };
		C53ABD1F1C032C23007F27FE /* ParseTwitterUtils.framework in Frameworks */ = {isa = PBXBuildFile; fileRef = C53ABD0D1C032C22007F27FE /* ParseTwitterUtils.framework */; };
		C53ABD221C032C23007F27FE /* ParseTwitterUtils.framework in Frameworks */ = {isa = PBXBuildFile; fileRef = C53ABD0D1C032C22007F27FE /* ParseTwitterUtils.framework */; };
		C53ABD231C032C23007F27FE /* ParseUI.framework in Frameworks */ = {isa = PBXBuildFile; fileRef = C53ABD0E1C032C22007F27FE /* ParseUI.framework */; };
		C53ABD261C032C23007F27FE /* ParseUI.framework in Frameworks */ = {isa = PBXBuildFile; fileRef = C53ABD0E1C032C22007F27FE /* ParseUI.framework */; };
		C53ABD331C032CA6007F27FE /* Accounts.framework in Frameworks */ = {isa = PBXBuildFile; fileRef = C53ABD291C032CA6007F27FE /* Accounts.framework */; };
		C53ABD341C032CA6007F27FE /* AudioToolbox.framework in Frameworks */ = {isa = PBXBuildFile; fileRef = C53ABD2A1C032CA6007F27FE /* AudioToolbox.framework */; };
		C53ABD351C032CA6007F27FE /* CFNetwork.framework in Frameworks */ = {isa = PBXBuildFile; fileRef = C53ABD2B1C032CA6007F27FE /* CFNetwork.framework */; };
		C53ABD361C032CA6007F27FE /* CoreGraphics.framework in Frameworks */ = {isa = PBXBuildFile; fileRef = C53ABD2C1C032CA6007F27FE /* CoreGraphics.framework */; };
		C53ABD371C032CA6007F27FE /* CoreLocation.framework in Frameworks */ = {isa = PBXBuildFile; fileRef = C53ABD2D1C032CA6007F27FE /* CoreLocation.framework */; };
		C53ABD381C032CA6007F27FE /* QuartzCore.framework in Frameworks */ = {isa = PBXBuildFile; fileRef = C53ABD2E1C032CA6007F27FE /* QuartzCore.framework */; };
		C53ABD391C032CA6007F27FE /* Security.framework in Frameworks */ = {isa = PBXBuildFile; fileRef = C53ABD2F1C032CA6007F27FE /* Security.framework */; };
		C53ABD3A1C032CA6007F27FE /* Social.framework in Frameworks */ = {isa = PBXBuildFile; fileRef = C53ABD301C032CA6007F27FE /* Social.framework */; };
		C53ABD3B1C032CA6007F27FE /* StoreKit.framework in Frameworks */ = {isa = PBXBuildFile; fileRef = C53ABD311C032CA6007F27FE /* StoreKit.framework */; };
		C53ABD3C1C032CA6007F27FE /* SystemConfiguration.framework in Frameworks */ = {isa = PBXBuildFile; fileRef = C53ABD321C032CA6007F27FE /* SystemConfiguration.framework */; };
		C53ABD3E1C032CD4007F27FE /* libz.tbd in Frameworks */ = {isa = PBXBuildFile; fileRef = C53ABD3D1C032CD4007F27FE /* libz.tbd */; };
		C53ABD401C032CDB007F27FE /* libsqlite3.tbd in Frameworks */ = {isa = PBXBuildFile; fileRef = C53ABD3F1C032CDB007F27FE /* libsqlite3.tbd */; };
		C53ABD411C032CEC007F27FE /* Accounts.framework in Frameworks */ = {isa = PBXBuildFile; fileRef = C53ABD291C032CA6007F27FE /* Accounts.framework */; };
		C53ABD421C032CEC007F27FE /* AudioToolbox.framework in Frameworks */ = {isa = PBXBuildFile; fileRef = C53ABD2A1C032CA6007F27FE /* AudioToolbox.framework */; };
		C53ABD431C032CEC007F27FE /* CFNetwork.framework in Frameworks */ = {isa = PBXBuildFile; fileRef = C53ABD2B1C032CA6007F27FE /* CFNetwork.framework */; };
		C53ABD441C032CEC007F27FE /* CoreGraphics.framework in Frameworks */ = {isa = PBXBuildFile; fileRef = C53ABD2C1C032CA6007F27FE /* CoreGraphics.framework */; };
		C53ABD451C032CEC007F27FE /* CoreLocation.framework in Frameworks */ = {isa = PBXBuildFile; fileRef = C53ABD2D1C032CA6007F27FE /* CoreLocation.framework */; };
		C53ABD461C032CEC007F27FE /* QuartzCore.framework in Frameworks */ = {isa = PBXBuildFile; fileRef = C53ABD2E1C032CA6007F27FE /* QuartzCore.framework */; };
		C53ABD471C032CEC007F27FE /* Security.framework in Frameworks */ = {isa = PBXBuildFile; fileRef = C53ABD2F1C032CA6007F27FE /* Security.framework */; };
		C53ABD481C032CEC007F27FE /* Social.framework in Frameworks */ = {isa = PBXBuildFile; fileRef = C53ABD301C032CA6007F27FE /* Social.framework */; };
		C53ABD491C032CEC007F27FE /* StoreKit.framework in Frameworks */ = {isa = PBXBuildFile; fileRef = C53ABD311C032CA6007F27FE /* StoreKit.framework */; };
		C53ABD4A1C032CEC007F27FE /* SystemConfiguration.framework in Frameworks */ = {isa = PBXBuildFile; fileRef = C53ABD321C032CA6007F27FE /* SystemConfiguration.framework */; };
		C53ABD4B1C032CF2007F27FE /* libsqlite3.tbd in Frameworks */ = {isa = PBXBuildFile; fileRef = C53ABD3F1C032CDB007F27FE /* libsqlite3.tbd */; };
		C53ABD4C1C032CF2007F27FE /* libz.tbd in Frameworks */ = {isa = PBXBuildFile; fileRef = C53ABD3D1C032CD4007F27FE /* libz.tbd */; };
		C545BDAB1C4CE93900C630F4 /* MXReusableView.swift in Sources */ = {isa = PBXBuildFile; fileRef = 73BC6B25A00325EA5FB64842 /* MXReusableView.swift */; };
		C545BDAC1C4CE93A00C630F4 /* MXReusableView.swift in Sources */ = {isa = PBXBuildFile; fileRef = 73BC6B25A00325EA5FB64842 /* MXReusableView.swift */; };
		C569AC771BFCFCC7003F9995 /* AppDelegate.swift in Sources */ = {isa = PBXBuildFile; fileRef = C569AC761BFCFCC7003F9995 /* AppDelegate.swift */; };
		C569AC7C1BFCFCC7003F9995 /* Main.storyboard in Resources */ = {isa = PBXBuildFile; fileRef = C569AC7A1BFCFCC7003F9995 /* Main.storyboard */; };
		C569AC7E1BFCFCC7003F9995 /* Assets.xcassets in Resources */ = {isa = PBXBuildFile; fileRef = C569AC7D1BFCFCC7003F9995 /* Assets.xcassets */; };
		C569AC811BFCFCC7003F9995 /* LaunchScreen.storyboard in Resources */ = {isa = PBXBuildFile; fileRef = C569AC7F1BFCFCC7003F9995 /* LaunchScreen.storyboard */; };
		C569AC971BFCFCC7003F9995 /* HyperHabitUITests.swift in Sources */ = {isa = PBXBuildFile; fileRef = C569AC961BFCFCC7003F9995 /* HyperHabitUITests.swift */; };
		C574FC151C4F9C3500CC44E1 /* NSDate+HyperHabit.swift in Sources */ = {isa = PBXBuildFile; fileRef = 73BC68C909B5D6F55841462D /* NSDate+HyperHabit.swift */; };
		C57536C11C15A56000976E51 /* Assets.xcassets in Resources */ = {isa = PBXBuildFile; fileRef = C569AC7D1BFCFCC7003F9995 /* Assets.xcassets */; };
		C580A4D91BFF324300CF4C31 /* ReportsByDateDataSource.swift in Sources */ = {isa = PBXBuildFile; fileRef = 73BC65F462415533EB6BDC24 /* ReportsByDateDataSource.swift */; };
		C5A6581B1C01BBD2008DE843 /* NotificationCenter.framework in Frameworks */ = {isa = PBXBuildFile; fileRef = C5A6581A1C01BBD2008DE843 /* NotificationCenter.framework */; };
		C5A658211C01BBD2008DE843 /* MainInterface.storyboard in Resources */ = {isa = PBXBuildFile; fileRef = C5A6581F1C01BBD2008DE843 /* MainInterface.storyboard */; };
		C5A658251C01BBD2008DE843 /* TodayExtension.appex in Embed App Extensions */ = {isa = PBXBuildFile; fileRef = C5A658181C01BBD2008DE843 /* TodayExtension.appex */; settings = {ATTRIBUTES = (RemoveHeadersOnCopy, ); }; };
		C5F8B7AB1C0C4E7E003904C1 /* ReportCell.swift in Sources */ = {isa = PBXBuildFile; fileRef = 73BC62C85A2762441A3FF92D /* ReportCell.swift */; };
/* End PBXBuildFile section */

/* Begin PBXContainerItemProxy section */
		C569AC881BFCFCC7003F9995 /* PBXContainerItemProxy */ = {
			isa = PBXContainerItemProxy;
			containerPortal = C569AC6B1BFCFCC7003F9995 /* Project object */;
			proxyType = 1;
			remoteGlobalIDString = C569AC721BFCFCC7003F9995;
			remoteInfo = HyperHabit;
		};
		C569AC931BFCFCC7003F9995 /* PBXContainerItemProxy */ = {
			isa = PBXContainerItemProxy;
			containerPortal = C569AC6B1BFCFCC7003F9995 /* Project object */;
			proxyType = 1;
			remoteGlobalIDString = C569AC721BFCFCC7003F9995;
			remoteInfo = HyperHabit;
		};
		C5A658231C01BBD2008DE843 /* PBXContainerItemProxy */ = {
			isa = PBXContainerItemProxy;
			containerPortal = C569AC6B1BFCFCC7003F9995 /* Project object */;
			proxyType = 1;
			remoteGlobalIDString = C5A658171C01BBD2008DE843;
			remoteInfo = TodayExtension;
		};
/* End PBXContainerItemProxy section */

/* Begin PBXCopyFilesBuildPhase section */
		C5A658291C01BBD3008DE843 /* Embed App Extensions */ = {
			isa = PBXCopyFilesBuildPhase;
			buildActionMask = 2147483647;
			dstPath = "";
			dstSubfolderSpec = 13;
			files = (
				C5A658251C01BBD2008DE843 /* TodayExtension.appex in Embed App Extensions */,
			);
			name = "Embed App Extensions";
			runOnlyForDeploymentPostprocessing = 0;
		};
/* End PBXCopyFilesBuildPhase section */

/* Begin PBXFileReference section */
		73BC600B5E0E7B25BD297789 /* ThemeManager.swift */ = {isa = PBXFileReference; fileEncoding = 4; lastKnownFileType = sourcecode.swift; path = ThemeManager.swift; sourceTree = "<group>"; };
		73BC60162A44EDC7BC71CFF5 /* Info.plist */ = {isa = PBXFileReference; fileEncoding = 4; lastKnownFileType = text.plist.info; path = Info.plist; sourceTree = "<group>"; };
		73BC603928F193F9B3D10622 /* Service.swift */ = {isa = PBXFileReference; fileEncoding = 4; lastKnownFileType = sourcecode.swift; path = Service.swift; sourceTree = "<group>"; };
		73BC60555FA961657F7E2071 /* EditHabitDataSource.swift */ = {isa = PBXFileReference; fileEncoding = 4; lastKnownFileType = sourcecode.swift; path = EditHabitDataSource.swift; sourceTree = "<group>"; };
		73BC611F827C14DFD8429CF3 /* ThemePickerViewController.swift */ = {isa = PBXFileReference; fileEncoding = 4; lastKnownFileType = sourcecode.swift; path = ThemePickerViewController.swift; sourceTree = "<group>"; };
		73BC612118307D2A7C51D4F9 /* HabitEditorTestCase.swift */ = {isa = PBXFileReference; fileEncoding = 4; lastKnownFileType = sourcecode.swift; path = HabitEditorTestCase.swift; sourceTree = "<group>"; };
		73BC615F160ED6CDA6EA8B5E /* LogInViewController.swift */ = {isa = PBXFileReference; fileEncoding = 4; lastKnownFileType = sourcecode.swift; path = LogInViewController.swift; sourceTree = "<group>"; };
		73BC6176C0D159A6FC336317 /* LineView.swift */ = {isa = PBXFileReference; fileEncoding = 4; lastKnownFileType = sourcecode.swift; path = LineView.swift; sourceTree = "<group>"; };
		73BC617E47287F24838E38B8 /* DatePickerViewController.swift */ = {isa = PBXFileReference; fileEncoding = 4; lastKnownFileType = sourcecode.swift; path = DatePickerViewController.swift; sourceTree = "<group>"; };
		73BC61E8D3B8A144E472A3D5 /* MockDataManager.swift */ = {isa = PBXFileReference; fileEncoding = 4; lastKnownFileType = sourcecode.swift; path = MockDataManager.swift; sourceTree = "<group>"; };
		73BC620A9FF858BFEB8597B3 /* EditHabitViewController.swift */ = {isa = PBXFileReference; fileEncoding = 4; lastKnownFileType = sourcecode.swift; path = EditHabitViewController.swift; sourceTree = "<group>"; };
		73BC621C25AA1DECFD4352C6 /* TextField.swift */ = {isa = PBXFileReference; fileEncoding = 4; lastKnownFileType = sourcecode.swift; path = TextField.swift; sourceTree = "<group>"; };
		73BC6257F7926F5029E191EA /* Report.swift */ = {isa = PBXFileReference; fileEncoding = 4; lastKnownFileType = sourcecode.swift; path = Report.swift; sourceTree = "<group>"; };
		73BC626C82087B7AC0213E23 /* DataManagerTestCase+deleteHabit.swift */ = {isa = PBXFileReference; fileEncoding = 4; lastKnownFileType = sourcecode.swift; path = "DataManagerTestCase+deleteHabit.swift"; sourceTree = "<group>"; };
		73BC62C46521AD2197F75E92 /* Cache.swift */ = {isa = PBXFileReference; fileEncoding = 4; lastKnownFileType = sourcecode.swift; path = Cache.swift; sourceTree = "<group>"; };
		73BC62C85A2762441A3FF92D /* ReportCell.swift */ = {isa = PBXFileReference; fileEncoding = 4; lastKnownFileType = sourcecode.swift; path = ReportCell.swift; sourceTree = "<group>"; };
		73BC63078589D984B029581D /* ReportsByDateViewController.swift */ = {isa = PBXFileReference; fileEncoding = 4; lastKnownFileType = sourcecode.swift; path = ReportsByDateViewController.swift; sourceTree = "<group>"; };
		73BC639BF7B0771327C1EA25 /* PlistCache.swift */ = {isa = PBXFileReference; fileEncoding = 4; lastKnownFileType = sourcecode.swift; path = PlistCache.swift; sourceTree = "<group>"; };
		73BC63C7B79CF01FDEDB078B /* DayCell.swift */ = {isa = PBXFileReference; fileEncoding = 4; lastKnownFileType = sourcecode.swift; path = DayCell.swift; sourceTree = "<group>"; };
		73BC6469ADBEE9810A61186F /* SignUpViewController.swift */ = {isa = PBXFileReference; fileEncoding = 4; lastKnownFileType = sourcecode.swift; path = SignUpViewController.swift; sourceTree = "<group>"; };
		73BC649D9156A711A874C64E /* Habit+PlistObject.swift */ = {isa = PBXFileReference; fileEncoding = 4; lastKnownFileType = sourcecode.swift; path = "Habit+PlistObject.swift"; sourceTree = "<group>"; };
		73BC64CBFCB8EB14D0D3659E /* StatisticsForDateDataSource.swift */ = {isa = PBXFileReference; fileEncoding = 4; lastKnownFileType = sourcecode.swift; path = StatisticsForDateDataSource.swift; sourceTree = "<group>"; };
		73BC64E2FFE2AE41A58AFF22 /* HabitListDataSource.swift */ = {isa = PBXFileReference; fileEncoding = 4; lastKnownFileType = sourcecode.swift; path = HabitListDataSource.swift; sourceTree = "<group>"; };
		73BC6535C50D1EA1106C5654 /* TintView.swift */ = {isa = PBXFileReference; fileEncoding = 4; lastKnownFileType = sourcecode.swift; path = TintView.swift; sourceTree = "<group>"; };
		73BC655AFBF7B48EDDD9DDAF /* TODO.txt */ = {isa = PBXFileReference; fileEncoding = 4; lastKnownFileType = text; path = TODO.txt; sourceTree = "<group>"; };
		73BC65627503815AE1B8EBD6 /* StatisticsViewController.swift */ = {isa = PBXFileReference; fileEncoding = 4; lastKnownFileType = sourcecode.swift; path = StatisticsViewController.swift; sourceTree = "<group>"; };
		73BC65F462415533EB6BDC24 /* ReportsByDateDataSource.swift */ = {isa = PBXFileReference; fileEncoding = 4; lastKnownFileType = sourcecode.swift; path = ReportsByDateDataSource.swift; sourceTree = "<group>"; };
		73BC65FCA0FC58AF2270FFD2 /* LineCollectionReusableView.swift */ = {isa = PBXFileReference; fileEncoding = 4; lastKnownFileType = sourcecode.swift; path = LineCollectionReusableView.swift; sourceTree = "<group>"; };
		73BC660BC4EB0AB85BBC79ED /* MonthCollectionReusableView.swift */ = {isa = PBXFileReference; fileEncoding = 4; lastKnownFileType = sourcecode.swift; path = MonthCollectionReusableView.swift; sourceTree = "<group>"; };
		73BC661ACFB808416536F6B0 /* ThemedViewController.swift */ = {isa = PBXFileReference; fileEncoding = 4; lastKnownFileType = sourcecode.swift; path = ThemedViewController.swift; sourceTree = "<group>"; };
		73BC66368BDECB7E1D5F4889 /* CheckboxView.swift */ = {isa = PBXFileReference; fileEncoding = 4; lastKnownFileType = sourcecode.swift; path = CheckboxView.swift; sourceTree = "<group>"; };
		73BC6679FD4B9BBFE5CA4A9D /* TodayDataSourceTestCase.swift */ = {isa = PBXFileReference; fileEncoding = 4; lastKnownFileType = sourcecode.swift; path = TodayDataSourceTestCase.swift; sourceTree = "<group>"; };
		73BC66A27559D5F70B19A69F /* HabitCell.swift */ = {isa = PBXFileReference; fileEncoding = 4; lastKnownFileType = sourcecode.swift; path = HabitCell.swift; sourceTree = "<group>"; };
		73BC66B2361EC437AD3D5179 /* Theme.swift */ = {isa = PBXFileReference; fileEncoding = 4; lastKnownFileType = sourcecode.swift; path = Theme.swift; sourceTree = "<group>"; };
		73BC66D0E11539D097D3B21A /* SettingsViewController.swift */ = {isa = PBXFileReference; fileEncoding = 4; lastKnownFileType = sourcecode.swift; path = SettingsViewController.swift; sourceTree = "<group>"; };
		73BC66EDA2A91CE6B0D41736 /* ThemePickerDataSource.swift */ = {isa = PBXFileReference; fileEncoding = 4; lastKnownFileType = sourcecode.swift; path = ThemePickerDataSource.swift; sourceTree = "<group>"; };
		73BC670CD39754C6B82C92D7 /* ParseService.swift */ = {isa = PBXFileReference; fileEncoding = 4; lastKnownFileType = sourcecode.swift; path = ParseService.swift; sourceTree = "<group>"; };
		73BC676D212721E13748EBCE /* TodayViewController.swift */ = {isa = PBXFileReference; fileEncoding = 4; lastKnownFileType = sourcecode.swift; path = TodayViewController.swift; sourceTree = "<group>"; };
		73BC67C86B3800C96E0E7824 /* ServiceUIAuthentication.swift */ = {isa = PBXFileReference; fileEncoding = 4; lastKnownFileType = sourcecode.swift; path = ServiceUIAuthentication.swift; sourceTree = "<group>"; };
		73BC67F341E79819CED21B52 /* DataManagerTestCase.swift */ = {isa = PBXFileReference; fileEncoding = 4; lastKnownFileType = sourcecode.swift; path = DataManagerTestCase.swift; sourceTree = "<group>"; };
		73BC6877D708F73E911BB63A /* TodayDataSource.swift */ = {isa = PBXFileReference; fileEncoding = 4; lastKnownFileType = sourcecode.swift; path = TodayDataSource.swift; sourceTree = "<group>"; };
		73BC68822C48506F70552FE7 /* App.swift */ = {isa = PBXFileReference; fileEncoding = 4; lastKnownFileType = sourcecode.swift; path = App.swift; sourceTree = "<group>"; };
		73BC68C909B5D6F55841462D /* NSDate+HyperHabit.swift */ = {isa = PBXFileReference; fileEncoding = 4; lastKnownFileType = sourcecode.swift; path = "NSDate+HyperHabit.swift"; sourceTree = "<group>"; };
		73BC6948C7AD8DA4CA2DADE5 /* StatisticsForDateViewController.swift */ = {isa = PBXFileReference; fileEncoding = 4; lastKnownFileType = sourcecode.swift; path = StatisticsForDateViewController.swift; sourceTree = "<group>"; };
		73BC6A368C62A04A34352FA2 /* Habit+Parse.swift */ = {isa = PBXFileReference; fileEncoding = 4; lastKnownFileType = sourcecode.swift; path = "Habit+Parse.swift"; sourceTree = "<group>"; };
		73BC6A94CBCA08D2EC337327 /* ChangesObserver.swift */ = {isa = PBXFileReference; fileEncoding = 4; lastKnownFileType = sourcecode.swift; path = ChangesObserver.swift; sourceTree = "<group>"; };
		73BC6B25A00325EA5FB64842 /* MXReusableView.swift */ = {isa = PBXFileReference; fileEncoding = 4; lastKnownFileType = sourcecode.swift; path = MXReusableView.swift; sourceTree = "<group>"; };
		73BC6B4623CA84A16655859E /* MXAccessoryView.swift */ = {isa = PBXFileReference; fileEncoding = 4; lastKnownFileType = sourcecode.swift; path = MXAccessoryView.swift; sourceTree = "<group>"; };
		73BC6BCE98489069C405A154 /* HyperHabitBridgingHeader.h */ = {isa = PBXFileReference; fileEncoding = 4; lastKnownFileType = sourcecode.c.h; path = HyperHabitBridgingHeader.h; sourceTree = "<group>"; };
		73BC6BEDE3C796DA6CF31B32 /* HabitListViewController.swift */ = {isa = PBXFileReference; fileEncoding = 4; lastKnownFileType = sourcecode.swift; path = HabitListViewController.swift; sourceTree = "<group>"; };
		73BC6C12FB020C0B3154BAF8 /* Report+Parse.swift */ = {isa = PBXFileReference; fileEncoding = 4; lastKnownFileType = sourcecode.swift; path = "Report+Parse.swift"; sourceTree = "<group>"; };
		73BC6C850804E2D3B78DB687 /* DataManager.swift */ = {isa = PBXFileReference; fileEncoding = 4; lastKnownFileType = sourcecode.swift; path = DataManager.swift; sourceTree = "<group>"; };
		73BC6CB6C9A13683FB517463 /* Report+PlistObject.swift */ = {isa = PBXFileReference; fileEncoding = 4; lastKnownFileType = sourcecode.swift; path = "Report+PlistObject.swift"; sourceTree = "<group>"; };
		73BC6CCBE6B9A781C9347D47 /* BackgroundView.swift */ = {isa = PBXFileReference; fileEncoding = 4; lastKnownFileType = sourcecode.swift; path = BackgroundView.swift; sourceTree = "<group>"; };
		73BC6CF8F185EB061DBD7877 /* StatisticsDataSource.swift */ = {isa = PBXFileReference; fileEncoding = 4; lastKnownFileType = sourcecode.swift; path = StatisticsDataSource.swift; sourceTree = "<group>"; };
		73BC6D36DEAA5EA2A8AED39C /* App.swift */ = {isa = PBXFileReference; fileEncoding = 4; lastKnownFileType = sourcecode.swift; path = App.swift; sourceTree = "<group>"; };
		73BC6D48DE9F032647144031 /* DataManagerTestCase+saveHabit.swift */ = {isa = PBXFileReference; fileEncoding = 4; lastKnownFileType = sourcecode.swift; path = "DataManagerTestCase+saveHabit.swift"; sourceTree = "<group>"; };
		73BC6D5B3DA0184778419277 /* DataSource.swift */ = {isa = PBXFileReference; fileEncoding = 4; lastKnownFileType = sourcecode.swift; path = DataSource.swift; sourceTree = "<group>"; };
		73BC6DA8E33A985656DC2D10 /* Habit.swift */ = {isa = PBXFileReference; fileEncoding = 4; lastKnownFileType = sourcecode.swift; path = Habit.swift; sourceTree = "<group>"; };
		73BC6DCA49864BE9D3395712 /* BackgroundImageView.swift */ = {isa = PBXFileReference; fileEncoding = 4; lastKnownFileType = sourcecode.swift; path = BackgroundImageView.swift; sourceTree = "<group>"; };
		73BC6E49AE47A52824875F01 /* TodayDataSourceTestCase+todayReports.swift */ = {isa = PBXFileReference; fileEncoding = 4; lastKnownFileType = sourcecode.swift; path = "TodayDataSourceTestCase+todayReports.swift"; sourceTree = "<group>"; };
		73BC6E72395B3A9152E154E6 /* ThemeCell.swift */ = {isa = PBXFileReference; fileEncoding = 4; lastKnownFileType = sourcecode.swift; path = ThemeCell.swift; sourceTree = "<group>"; };
		73BC6EB6468E4C72B3BB2542 /* Test.swift */ = {isa = PBXFileReference; fileEncoding = 4; lastKnownFileType = sourcecode.swift; path = Test.swift; sourceTree = "<group>"; };
		73BC6EBEDB008DCE20D95068 /* DataManagerTestCase+reportsForDate.swift */ = {isa = PBXFileReference; fileEncoding = 4; lastKnownFileType = sourcecode.swift; path = "DataManagerTestCase+reportsForDate.swift"; sourceTree = "<group>"; };
		73BC6EC850FB98E0148C8E25 /* UIColor+Hyper.swift */ = {isa = PBXFileReference; fileEncoding = 4; lastKnownFileType = sourcecode.swift; path = "UIColor+Hyper.swift"; sourceTree = "<group>"; };
		73BC6EE0A09AB6BBC21410A6 /* UIColor+HyperHabit.swift */ = {isa = PBXFileReference; fileEncoding = 4; lastKnownFileType = sourcecode.swift; path = "UIColor+HyperHabit.swift"; sourceTree = "<group>"; };
		73BC6F6F4EC241889A7EEFBB /* HabitEditor.swift */ = {isa = PBXFileReference; fileEncoding = 4; lastKnownFileType = sourcecode.swift; path = HabitEditor.swift; sourceTree = "<group>"; };
		73BC6F900A999B2AC02A5DE8 /* DataProvider.swift */ = {isa = PBXFileReference; fileEncoding = 4; lastKnownFileType = sourcecode.swift; path = DataProvider.swift; sourceTree = "<group>"; };
		73BC6FA62589C8A31831322E /* Label.swift */ = {isa = PBXFileReference; fileEncoding = 4; lastKnownFileType = sourcecode.swift; path = Label.swift; sourceTree = "<group>"; };
		C506575A1C11B3F300DCB557 /* DTFolderMonitor.h */ = {isa = PBXFileReference; fileEncoding = 4; lastKnownFileType = sourcecode.c.h; path = DTFolderMonitor.h; sourceTree = "<group>"; };
		C506575B1C11B3F300DCB557 /* DTFolderMonitor.m */ = {isa = PBXFileReference; fileEncoding = 4; lastKnownFileType = sourcecode.c.objc; path = DTFolderMonitor.m; sourceTree = "<group>"; };
		C506575C1C11B3F300DCB557 /* LICENSE */ = {isa = PBXFileReference; fileEncoding = 4; lastKnownFileType = text; path = LICENSE; sourceTree = "<group>"; };
		C51CB1861C4914B500D597E6 /* MXDayCell.swift */ = {isa = PBXFileReference; fileEncoding = 4; lastKnownFileType = sourcecode.swift; path = MXDayCell.swift; sourceTree = "<group>"; };
		C51CB1871C4914B500D597E6 /* MXEmptyCell.swift */ = {isa = PBXFileReference; fileEncoding = 4; lastKnownFileType = sourcecode.swift; path = MXEmptyCell.swift; sourceTree = "<group>"; };
		C51CB1881C4914B500D597E6 /* MXInactiveDayCell.swift */ = {isa = PBXFileReference; fileEncoding = 4; lastKnownFileType = sourcecode.swift; path = MXInactiveDayCell.swift; sourceTree = "<group>"; };
		C51CB1891C4914B500D597E6 /* MXMonthCell.swift */ = {isa = PBXFileReference; fileEncoding = 4; lastKnownFileType = sourcecode.swift; path = MXMonthCell.swift; sourceTree = "<group>"; };
		C51CB18A1C4914B500D597E6 /* MXTextCell.swift */ = {isa = PBXFileReference; fileEncoding = 4; lastKnownFileType = sourcecode.swift; path = MXTextCell.swift; sourceTree = "<group>"; };
		C51CB1901C49153700D597E6 /* MXCalendarView.swift */ = {isa = PBXFileReference; fileEncoding = 4; lastKnownFileType = sourcecode.swift; path = MXCalendarView.swift; sourceTree = "<group>"; };
		C51CB1911C49153700D597E6 /* MXMonthView.swift */ = {isa = PBXFileReference; fileEncoding = 4; lastKnownFileType = sourcecode.swift; path = MXMonthView.swift; sourceTree = "<group>"; };
		C53ABCFE1C02F6F6007F27FE /* HyperHabit.entitlements */ = {isa = PBXFileReference; lastKnownFileType = text.xml; path = HyperHabit.entitlements; sourceTree = "<group>"; };
		C53ABCFF1C02F71E007F27FE /* TodayExtension.entitlements */ = {isa = PBXFileReference; lastKnownFileType = text.xml; path = TodayExtension.entitlements; sourceTree = "<group>"; };
		C53ABD091C032C22007F27FE /* Bolts.framework */ = {isa = PBXFileReference; lastKnownFileType = wrapper.framework; path = Bolts.framework; sourceTree = "<group>"; };
		C53ABD0A1C032C22007F27FE /* Parse.framework */ = {isa = PBXFileReference; lastKnownFileType = wrapper.framework; path = Parse.framework; sourceTree = "<group>"; };
		C53ABD0B1C032C22007F27FE /* ParseFacebookUtils.framework */ = {isa = PBXFileReference; lastKnownFileType = wrapper.framework; path = ParseFacebookUtils.framework; sourceTree = "<group>"; };
		C53ABD0C1C032C22007F27FE /* ParseFacebookUtilsV4.framework */ = {isa = PBXFileReference; lastKnownFileType = wrapper.framework; path = ParseFacebookUtilsV4.framework; sourceTree = "<group>"; };
		C53ABD0D1C032C22007F27FE /* ParseTwitterUtils.framework */ = {isa = PBXFileReference; lastKnownFileType = wrapper.framework; path = ParseTwitterUtils.framework; sourceTree = "<group>"; };
		C53ABD0E1C032C22007F27FE /* ParseUI.framework */ = {isa = PBXFileReference; lastKnownFileType = wrapper.framework; path = ParseUI.framework; sourceTree = "<group>"; };
		C53ABD291C032CA6007F27FE /* Accounts.framework */ = {isa = PBXFileReference; lastKnownFileType = wrapper.framework; name = Accounts.framework; path = System/Library/Frameworks/Accounts.framework; sourceTree = SDKROOT; };
		C53ABD2A1C032CA6007F27FE /* AudioToolbox.framework */ = {isa = PBXFileReference; lastKnownFileType = wrapper.framework; name = AudioToolbox.framework; path = System/Library/Frameworks/AudioToolbox.framework; sourceTree = SDKROOT; };
		C53ABD2B1C032CA6007F27FE /* CFNetwork.framework */ = {isa = PBXFileReference; lastKnownFileType = wrapper.framework; name = CFNetwork.framework; path = System/Library/Frameworks/CFNetwork.framework; sourceTree = SDKROOT; };
		C53ABD2C1C032CA6007F27FE /* CoreGraphics.framework */ = {isa = PBXFileReference; lastKnownFileType = wrapper.framework; name = CoreGraphics.framework; path = System/Library/Frameworks/CoreGraphics.framework; sourceTree = SDKROOT; };
		C53ABD2D1C032CA6007F27FE /* CoreLocation.framework */ = {isa = PBXFileReference; lastKnownFileType = wrapper.framework; name = CoreLocation.framework; path = System/Library/Frameworks/CoreLocation.framework; sourceTree = SDKROOT; };
		C53ABD2E1C032CA6007F27FE /* QuartzCore.framework */ = {isa = PBXFileReference; lastKnownFileType = wrapper.framework; name = QuartzCore.framework; path = System/Library/Frameworks/QuartzCore.framework; sourceTree = SDKROOT; };
		C53ABD2F1C032CA6007F27FE /* Security.framework */ = {isa = PBXFileReference; lastKnownFileType = wrapper.framework; name = Security.framework; path = System/Library/Frameworks/Security.framework; sourceTree = SDKROOT; };
		C53ABD301C032CA6007F27FE /* Social.framework */ = {isa = PBXFileReference; lastKnownFileType = wrapper.framework; name = Social.framework; path = System/Library/Frameworks/Social.framework; sourceTree = SDKROOT; };
		C53ABD311C032CA6007F27FE /* StoreKit.framework */ = {isa = PBXFileReference; lastKnownFileType = wrapper.framework; name = StoreKit.framework; path = System/Library/Frameworks/StoreKit.framework; sourceTree = SDKROOT; };
		C53ABD321C032CA6007F27FE /* SystemConfiguration.framework */ = {isa = PBXFileReference; lastKnownFileType = wrapper.framework; name = SystemConfiguration.framework; path = System/Library/Frameworks/SystemConfiguration.framework; sourceTree = SDKROOT; };
		C53ABD3D1C032CD4007F27FE /* libz.tbd */ = {isa = PBXFileReference; lastKnownFileType = "sourcecode.text-based-dylib-definition"; name = libz.tbd; path = usr/lib/libz.tbd; sourceTree = SDKROOT; };
		C53ABD3F1C032CDB007F27FE /* libsqlite3.tbd */ = {isa = PBXFileReference; lastKnownFileType = "sourcecode.text-based-dylib-definition"; name = libsqlite3.tbd; path = usr/lib/libsqlite3.tbd; sourceTree = SDKROOT; };
		C569AC731BFCFCC7003F9995 /* HyperHabit.app */ = {isa = PBXFileReference; explicitFileType = wrapper.application; includeInIndex = 0; path = HyperHabit.app; sourceTree = BUILT_PRODUCTS_DIR; };
		C569AC761BFCFCC7003F9995 /* AppDelegate.swift */ = {isa = PBXFileReference; lastKnownFileType = sourcecode.swift; path = AppDelegate.swift; sourceTree = "<group>"; };
		C569AC7B1BFCFCC7003F9995 /* Base */ = {isa = PBXFileReference; lastKnownFileType = file.storyboard; name = Base; path = Base.lproj/Main.storyboard; sourceTree = "<group>"; };
		C569AC7D1BFCFCC7003F9995 /* Assets.xcassets */ = {isa = PBXFileReference; lastKnownFileType = folder.assetcatalog; path = Assets.xcassets; sourceTree = "<group>"; };
		C569AC801BFCFCC7003F9995 /* Base */ = {isa = PBXFileReference; lastKnownFileType = file.storyboard; name = Base; path = Base.lproj/LaunchScreen.storyboard; sourceTree = "<group>"; };
		C569AC821BFCFCC7003F9995 /* Info.plist */ = {isa = PBXFileReference; lastKnownFileType = text.plist.xml; path = Info.plist; sourceTree = "<group>"; };
		C569AC871BFCFCC7003F9995 /* HyperHabitTests.xctest */ = {isa = PBXFileReference; explicitFileType = wrapper.cfbundle; includeInIndex = 0; path = HyperHabitTests.xctest; sourceTree = BUILT_PRODUCTS_DIR; };
		C569AC921BFCFCC7003F9995 /* HyperHabitUITests.xctest */ = {isa = PBXFileReference; explicitFileType = wrapper.cfbundle; includeInIndex = 0; path = HyperHabitUITests.xctest; sourceTree = BUILT_PRODUCTS_DIR; };
		C569AC961BFCFCC7003F9995 /* HyperHabitUITests.swift */ = {isa = PBXFileReference; lastKnownFileType = sourcecode.swift; path = HyperHabitUITests.swift; sourceTree = "<group>"; };
		C569AC981BFCFCC7003F9995 /* Info.plist */ = {isa = PBXFileReference; lastKnownFileType = text.plist.xml; path = Info.plist; sourceTree = "<group>"; };
		C5A658181C01BBD2008DE843 /* TodayExtension.appex */ = {isa = PBXFileReference; explicitFileType = "wrapper.app-extension"; includeInIndex = 0; path = TodayExtension.appex; sourceTree = BUILT_PRODUCTS_DIR; };
		C5A6581A1C01BBD2008DE843 /* NotificationCenter.framework */ = {isa = PBXFileReference; lastKnownFileType = wrapper.framework; name = NotificationCenter.framework; path = System/Library/Frameworks/NotificationCenter.framework; sourceTree = SDKROOT; };
		C5A658201C01BBD2008DE843 /* Base */ = {isa = PBXFileReference; lastKnownFileType = file.storyboard; name = Base; path = Base.lproj/MainInterface.storyboard; sourceTree = "<group>"; };
		C5A658221C01BBD2008DE843 /* Info.plist */ = {isa = PBXFileReference; lastKnownFileType = text.plist.xml; path = Info.plist; sourceTree = "<group>"; };
/* End PBXFileReference section */

/* Begin PBXFrameworksBuildPhase section */
		C569AC701BFCFCC7003F9995 /* Frameworks */ = {
			isa = PBXFrameworksBuildPhase;
			buildActionMask = 2147483647;
			files = (
				C53ABD401C032CDB007F27FE /* libsqlite3.tbd in Frameworks */,
				C53ABD3E1C032CD4007F27FE /* libz.tbd in Frameworks */,
				C53ABD331C032CA6007F27FE /* Accounts.framework in Frameworks */,
				C53ABD341C032CA6007F27FE /* AudioToolbox.framework in Frameworks */,
				C53ABD351C032CA6007F27FE /* CFNetwork.framework in Frameworks */,
				C53ABD361C032CA6007F27FE /* CoreGraphics.framework in Frameworks */,
				C53ABD371C032CA6007F27FE /* CoreLocation.framework in Frameworks */,
				C53ABD381C032CA6007F27FE /* QuartzCore.framework in Frameworks */,
				C53ABD391C032CA6007F27FE /* Security.framework in Frameworks */,
				C53ABD3A1C032CA6007F27FE /* Social.framework in Frameworks */,
				C53ABD3B1C032CA6007F27FE /* StoreKit.framework in Frameworks */,
				C53ABD3C1C032CA6007F27FE /* SystemConfiguration.framework in Frameworks */,
				C53ABD231C032C23007F27FE /* ParseUI.framework in Frameworks */,
				C53ABD131C032C23007F27FE /* Parse.framework in Frameworks */,
				C53ABD0F1C032C22007F27FE /* Bolts.framework in Frameworks */,
				C53ABD1B1C032C23007F27FE /* ParseFacebookUtilsV4.framework in Frameworks */,
				C53ABD1F1C032C23007F27FE /* ParseTwitterUtils.framework in Frameworks */,
			);
			runOnlyForDeploymentPostprocessing = 0;
		};
		C569AC841BFCFCC7003F9995 /* Frameworks */ = {
			isa = PBXFrameworksBuildPhase;
			buildActionMask = 2147483647;
			files = (
			);
			runOnlyForDeploymentPostprocessing = 0;
		};
		C569AC8F1BFCFCC7003F9995 /* Frameworks */ = {
			isa = PBXFrameworksBuildPhase;
			buildActionMask = 2147483647;
			files = (
			);
			runOnlyForDeploymentPostprocessing = 0;
		};
		C5A658151C01BBD2008DE843 /* Frameworks */ = {
			isa = PBXFrameworksBuildPhase;
			buildActionMask = 2147483647;
			files = (
				C53ABD431C032CEC007F27FE /* CFNetwork.framework in Frameworks */,
				C53ABD451C032CEC007F27FE /* CoreLocation.framework in Frameworks */,
				C53ABD411C032CEC007F27FE /* Accounts.framework in Frameworks */,
				C5A6581B1C01BBD2008DE843 /* NotificationCenter.framework in Frameworks */,
				C53ABD161C032C23007F27FE /* Parse.framework in Frameworks */,
				C53ABD471C032CEC007F27FE /* Security.framework in Frameworks */,
				C53ABD4A1C032CEC007F27FE /* SystemConfiguration.framework in Frameworks */,
				C53ABD4C1C032CF2007F27FE /* libz.tbd in Frameworks */,
				C53ABD421C032CEC007F27FE /* AudioToolbox.framework in Frameworks */,
				C53ABD261C032C23007F27FE /* ParseUI.framework in Frameworks */,
				C53ABD121C032C23007F27FE /* Bolts.framework in Frameworks */,
				C53ABD481C032CEC007F27FE /* Social.framework in Frameworks */,
				C53ABD461C032CEC007F27FE /* QuartzCore.framework in Frameworks */,
				C53ABD221C032C23007F27FE /* ParseTwitterUtils.framework in Frameworks */,
				C53ABD491C032CEC007F27FE /* StoreKit.framework in Frameworks */,
				C53ABD4B1C032CF2007F27FE /* libsqlite3.tbd in Frameworks */,
				C53ABD441C032CEC007F27FE /* CoreGraphics.framework in Frameworks */,
				C53ABD1E1C032C23007F27FE /* ParseFacebookUtilsV4.framework in Frameworks */,
			);
			runOnlyForDeploymentPostprocessing = 0;
		};
/* End PBXFrameworksBuildPhase section */

/* Begin PBXGroup section */
		73BC61E643CF8316F32BA7D3 /* Data */ = {
			isa = PBXGroup;
			children = (
				73BC6877D708F73E911BB63A /* TodayDataSource.swift */,
			);
			path = Data;
			sourceTree = "<group>";
		};
		73BC625818EAABB2B9330140 /* Settings */ = {
			isa = PBXGroup;
			children = (
				73BC66D0E11539D097D3B21A /* SettingsViewController.swift */,
			);
			path = Settings;
			sourceTree = "<group>";
		};
		73BC62A7B8617BE98E343F33 /* Src */ = {
			isa = PBXGroup;
			children = (
				73BC676D212721E13748EBCE /* TodayViewController.swift */,
				73BC68822C48506F70552FE7 /* App.swift */,
				73BC61E643CF8316F32BA7D3 /* Data */,
			);
			path = Src;
			sourceTree = "<group>";
		};
		73BC62B076B7464B209D3FBD /* Statistics */ = {
			isa = PBXGroup;
			children = (
				73BC65627503815AE1B8EBD6 /* StatisticsViewController.swift */,
			);
			path = Statistics;
			sourceTree = "<group>";
		};
		73BC632F918FC7C5029A2A19 /* Cache */ = {
			isa = PBXGroup;
			children = (
				73BC6D04CCB40BA0F12D1566 /* Plist */,
			);
			path = Cache;
			sourceTree = "<group>";
		};
		73BC6355B5A5D12713A819DD /* HyperHabitTests */ = {
			isa = PBXGroup;
			children = (
				73BC60162A44EDC7BC71CFF5 /* Info.plist */,
				73BC6CE5496EDC2C9A4F4441 /* DataManager */,
				73BC6F197791164939B9448A /* TodayDataSource */,
				73BC6EB6468E4C72B3BB2542 /* Test.swift */,
				73BC6B3124E71F5695668207 /* HabitEditor */,
				73BC635BDCBF787CD19B3E79 /* Mock */,
				73BC62C46521AD2197F75E92 /* Cache.swift */,
			);
			path = HyperHabitTests;
			sourceTree = "<group>";
		};
		73BC635BDCBF787CD19B3E79 /* Mock */ = {
			isa = PBXGroup;
			children = (
				73BC61E8D3B8A144E472A3D5 /* MockDataManager.swift */,
			);
			path = Mock;
			sourceTree = "<group>";
		};
		73BC6620C9A12DA50F8C2ED2 /* Themes */ = {
			isa = PBXGroup;
			children = (
				73BC600B5E0E7B25BD297789 /* ThemeManager.swift */,
				73BC66B2361EC437AD3D5179 /* Theme.swift */,
				73BC66E1A2890E36EA163ADA /* Custom Controls */,
			);
			path = Themes;
			sourceTree = "<group>";
		};
		73BC6670C23DCB5CB0C946D2 /* MXCalendarView */ = {
			isa = PBXGroup;
			children = (
				73BC6A6E2C09F2C4D61B0F44 /* Cells */,
				73BC6B7CA401EB7C3077534E /* Views */,
			);
			path = MXCalendarView;
			sourceTree = "<group>";
		};
		73BC66E1A2890E36EA163ADA /* Custom Controls */ = {
			isa = PBXGroup;
			children = (
				73BC6CCBE6B9A781C9347D47 /* BackgroundView.swift */,
				73BC6535C50D1EA1106C5654 /* TintView.swift */,
				73BC6DCA49864BE9D3395712 /* BackgroundImageView.swift */,
			);
			path = "Custom Controls";
			sourceTree = "<group>";
		};
		73BC6777DE781CC087299423 /* Extensions */ = {
			isa = PBXGroup;
			children = (
				73BC6EC850FB98E0148C8E25 /* UIColor+Hyper.swift */,
			);
			path = Extensions;
			sourceTree = "<group>";
		};
		73BC67A723C7CBAC0B46E833 /* EditHabit */ = {
			isa = PBXGroup;
			children = (
				73BC620A9FF858BFEB8597B3 /* EditHabitViewController.swift */,
				73BC60555FA961657F7E2071 /* EditHabitDataSource.swift */,
			);
			path = EditHabit;
			sourceTree = "<group>";
		};
		73BC67BCA15B1F9BDC7C9A27 /* Data */ = {
			isa = PBXGroup;
			children = (
				73BC6DA8E33A985656DC2D10 /* Habit.swift */,
				73BC6257F7926F5029E191EA /* Report.swift */,
				73BC6F900A999B2AC02A5DE8 /* DataProvider.swift */,
				73BC6D5B3DA0184778419277 /* DataSource.swift */,
				73BC6F6F4EC241889A7EEFBB /* HabitEditor.swift */,
				73BC6A0BC0BC23FEFB8713FD /* Service */,
				73BC632F918FC7C5029A2A19 /* Cache */,
				73BC6C850804E2D3B78DB687 /* DataManager.swift */,
				73BC6A94CBCA08D2EC337327 /* ChangesObserver.swift */,
			);
			path = Data;
			sourceTree = "<group>";
		};
		73BC67F29C9087616D869E8A /* View Controllers */ = {
			isa = PBXGroup;
			children = (
				73BC6CD326EE046BEDD87844 /* Habits */,
				73BC625818EAABB2B9330140 /* Settings */,
				73BC62B076B7464B209D3FBD /* Statistics */,
				73BC6F89BF9D0C8C00A29D8A /* StatisticsForDate */,
				73BC67A723C7CBAC0B46E833 /* EditHabit */,
				73BC69F8C45209664A97BA3F /* ReportsByDate */,
				73BC6CBE455EC023778C5513 /* DatePicker */,
				73BC6ED6EB622470EC7D646B /* PickTheme */,
				73BC6A7C9E53E281C4F0B435 /* Log In */,
				73BC6DDE941BD29273A34200 /* Sign Up */,
			);
			path = "View Controllers";
			sourceTree = "<group>";
		};
		73BC69E7296CA9E88F7D3D6B /* Views */ = {
			isa = PBXGroup;
			children = (
				73BC62C85A2762441A3FF92D /* ReportCell.swift */,
				73BC6176C0D159A6FC336317 /* LineView.swift */,
				73BC66A27559D5F70B19A69F /* HabitCell.swift */,
				73BC6E72395B3A9152E154E6 /* ThemeCell.swift */,
				73BC66368BDECB7E1D5F4889 /* CheckboxView.swift */,
				73BC6670C23DCB5CB0C946D2 /* MXCalendarView */,
				73BC621C25AA1DECFD4352C6 /* TextField.swift */,
				73BC6FA62589C8A31831322E /* Label.swift */,
			);
			path = Views;
			sourceTree = "<group>";
		};
		73BC69F8C45209664A97BA3F /* ReportsByDate */ = {
			isa = PBXGroup;
			children = (
				73BC63078589D984B029581D /* ReportsByDateViewController.swift */,
			);
			path = ReportsByDate;
			sourceTree = "<group>";
		};
		73BC6A0BC0BC23FEFB8713FD /* Service */ = {
			isa = PBXGroup;
			children = (
				73BC603928F193F9B3D10622 /* Service.swift */,
				73BC6D9BCAB54B216046ECAA /* Parse */,
				73BC67C86B3800C96E0E7824 /* ServiceUIAuthentication.swift */,
			);
			path = Service;
			sourceTree = "<group>";
		};
		73BC6A6E2C09F2C4D61B0F44 /* Cells */ = {
			isa = PBXGroup;
			children = (
				C51CB1861C4914B500D597E6 /* MXDayCell.swift */,
				C51CB1871C4914B500D597E6 /* MXEmptyCell.swift */,
				C51CB1881C4914B500D597E6 /* MXInactiveDayCell.swift */,
				C51CB1891C4914B500D597E6 /* MXMonthCell.swift */,
				C51CB18A1C4914B500D597E6 /* MXTextCell.swift */,
				73BC6B25A00325EA5FB64842 /* MXReusableView.swift */,
				73BC6B4623CA84A16655859E /* MXAccessoryView.swift */,
			);
			path = Cells;
			sourceTree = "<group>";
		};
		73BC6A7C9E53E281C4F0B435 /* Log In */ = {
			isa = PBXGroup;
			children = (
				73BC615F160ED6CDA6EA8B5E /* LogInViewController.swift */,
			);
			path = "Log In";
			sourceTree = "<group>";
		};
		73BC6B3124E71F5695668207 /* HabitEditor */ = {
			isa = PBXGroup;
			children = (
				73BC612118307D2A7C51D4F9 /* HabitEditorTestCase.swift */,
			);
			path = HabitEditor;
			sourceTree = "<group>";
		};
		73BC6B7CA401EB7C3077534E /* Views */ = {
			isa = PBXGroup;
			children = (
				C51CB1901C49153700D597E6 /* MXCalendarView.swift */,
				C51CB1911C49153700D597E6 /* MXMonthView.swift */,
			);
			path = Views;
			sourceTree = "<group>";
		};
		73BC6BB5FE85E7F637DF078E /* Data */ = {
			isa = PBXGroup;
			children = (
				73BC65F462415533EB6BDC24 /* ReportsByDateDataSource.swift */,
				73BC6CF8F185EB061DBD7877 /* StatisticsDataSource.swift */,
				73BC64CBFCB8EB14D0D3659E /* StatisticsForDateDataSource.swift */,
			);
			path = Data;
			sourceTree = "<group>";
		};
		73BC6CBE455EC023778C5513 /* DatePicker */ = {
			isa = PBXGroup;
			children = (
				73BC617E47287F24838E38B8 /* DatePickerViewController.swift */,
				73BC63C7B79CF01FDEDB078B /* DayCell.swift */,
				73BC660BC4EB0AB85BBC79ED /* MonthCollectionReusableView.swift */,
				73BC65FCA0FC58AF2270FFD2 /* LineCollectionReusableView.swift */,
			);
			path = DatePicker;
			sourceTree = "<group>";
		};
		73BC6CBEA91F1311512E2812 /* Common */ = {
			isa = PBXGroup;
			children = (
				73BC67BCA15B1F9BDC7C9A27 /* Data */,
				73BC6777DE781CC087299423 /* Extensions */,
				73BC6BCE98489069C405A154 /* HyperHabitBridgingHeader.h */,
			);
			path = Common;
			sourceTree = "<group>";
		};
		73BC6CD326EE046BEDD87844 /* Habits */ = {
			isa = PBXGroup;
			children = (
				73BC6BEDE3C796DA6CF31B32 /* HabitListViewController.swift */,
				73BC64E2FFE2AE41A58AFF22 /* HabitListDataSource.swift */,
			);
			path = Habits;
			sourceTree = "<group>";
		};
		73BC6CE5496EDC2C9A4F4441 /* DataManager */ = {
			isa = PBXGroup;
			children = (
				73BC67F341E79819CED21B52 /* DataManagerTestCase.swift */,
				73BC6D48DE9F032647144031 /* DataManagerTestCase+saveHabit.swift */,
				73BC626C82087B7AC0213E23 /* DataManagerTestCase+deleteHabit.swift */,
				73BC6EBEDB008DCE20D95068 /* DataManagerTestCase+reportsForDate.swift */,
			);
			path = DataManager;
			sourceTree = "<group>";
		};
		73BC6D04CCB40BA0F12D1566 /* Plist */ = {
			isa = PBXGroup;
			children = (
				73BC639BF7B0771327C1EA25 /* PlistCache.swift */,
				73BC6CB6C9A13683FB517463 /* Report+PlistObject.swift */,
				73BC649D9156A711A874C64E /* Habit+PlistObject.swift */,
			);
			path = Plist;
			sourceTree = "<group>";
		};
		73BC6D9BCAB54B216046ECAA /* Parse */ = {
			isa = PBXGroup;
			children = (
				73BC670CD39754C6B82C92D7 /* ParseService.swift */,
				73BC6C12FB020C0B3154BAF8 /* Report+Parse.swift */,
				73BC6A368C62A04A34352FA2 /* Habit+Parse.swift */,
			);
			path = Parse;
			sourceTree = "<group>";
		};
		73BC6DDE941BD29273A34200 /* Sign Up */ = {
			isa = PBXGroup;
			children = (
				73BC6469ADBEE9810A61186F /* SignUpViewController.swift */,
			);
			path = "Sign Up";
			sourceTree = "<group>";
		};
		73BC6ED6EB622470EC7D646B /* PickTheme */ = {
			isa = PBXGroup;
			children = (
				73BC611F827C14DFD8429CF3 /* ThemePickerViewController.swift */,
				73BC66EDA2A91CE6B0D41736 /* ThemePickerDataSource.swift */,
			);
			path = PickTheme;
			sourceTree = "<group>";
		};
		73BC6F197791164939B9448A /* TodayDataSource */ = {
			isa = PBXGroup;
			children = (
				73BC6679FD4B9BBFE5CA4A9D /* TodayDataSourceTestCase.swift */,
				73BC6E49AE47A52824875F01 /* TodayDataSourceTestCase+todayReports.swift */,
			);
			path = TodayDataSource;
			sourceTree = "<group>";
		};
		73BC6F89BF9D0C8C00A29D8A /* StatisticsForDate */ = {
			isa = PBXGroup;
			children = (
				73BC6948C7AD8DA4CA2DADE5 /* StatisticsForDateViewController.swift */,
			);
			path = StatisticsForDate;
			sourceTree = "<group>";
		};
		73BC6FEB6953855B28CEED92 /* Extensions */ = {
			isa = PBXGroup;
			children = (
				73BC68C909B5D6F55841462D /* NSDate+HyperHabit.swift */,
				73BC6EE0A09AB6BBC21410A6 /* UIColor+HyperHabit.swift */,
			);
			path = Extensions;
			sourceTree = "<group>";
		};
		C50657571C11B3F300DCB557 /* DTFoundation */ = {
			isa = PBXGroup;
			children = (
				C50657581C11B3F300DCB557 /* Core */,
				C506575C1C11B3F300DCB557 /* LICENSE */,
			);
			path = DTFoundation;
			sourceTree = "<group>";
		};
		C50657581C11B3F300DCB557 /* Core */ = {
			isa = PBXGroup;
			children = (
				C50657591C11B3F300DCB557 /* Source */,
			);
			path = Core;
			sourceTree = "<group>";
		};
		C50657591C11B3F300DCB557 /* Source */ = {
			isa = PBXGroup;
			children = (
				C506575A1C11B3F300DCB557 /* DTFolderMonitor.h */,
				C506575B1C11B3F300DCB557 /* DTFolderMonitor.m */,
			);
			path = Source;
			sourceTree = "<group>";
		};
		C53ABD081C032C22007F27FE /* Parse */ = {
			isa = PBXGroup;
			children = (
				C53ABD091C032C22007F27FE /* Bolts.framework */,
				C53ABD0A1C032C22007F27FE /* Parse.framework */,
				C53ABD0B1C032C22007F27FE /* ParseFacebookUtils.framework */,
				C53ABD0C1C032C22007F27FE /* ParseFacebookUtilsV4.framework */,
				C53ABD0D1C032C22007F27FE /* ParseTwitterUtils.framework */,
				C53ABD0E1C032C22007F27FE /* ParseUI.framework */,
			);
			path = Parse;
			sourceTree = "<group>";
		};
		C569AC6A1BFCFCC7003F9995 = {
			isa = PBXGroup;
			children = (
				73BC6CBEA91F1311512E2812 /* Common */,
				C569AC751BFCFCC7003F9995 /* HyperHabit */,
				C569AC951BFCFCC7003F9995 /* HyperHabitUITests */,
				C5A6581C1C01BBD2008DE843 /* TodayExtension */,
				C5A658191C01BBD2008DE843 /* Frameworks */,
				C569AC741BFCFCC7003F9995 /* Products */,
				C580A4DB1BFF507200CF4C31 /* Vendor */,
				73BC655AFBF7B48EDDD9DDAF /* TODO.txt */,
				73BC6355B5A5D12713A819DD /* HyperHabitTests */,
			);
			sourceTree = "<group>";
		};
		C569AC741BFCFCC7003F9995 /* Products */ = {
			isa = PBXGroup;
			children = (
				C569AC731BFCFCC7003F9995 /* HyperHabit.app */,
				C569AC871BFCFCC7003F9995 /* HyperHabitTests.xctest */,
				C569AC921BFCFCC7003F9995 /* HyperHabitUITests.xctest */,
				C5A658181C01BBD2008DE843 /* TodayExtension.appex */,
			);
			name = Products;
			sourceTree = "<group>";
		};
		C569AC751BFCFCC7003F9995 /* HyperHabit */ = {
			isa = PBXGroup;
			children = (
				C53ABCFE1C02F6F6007F27FE /* HyperHabit.entitlements */,
				C569AC761BFCFCC7003F9995 /* AppDelegate.swift */,
				C569AC7A1BFCFCC7003F9995 /* Main.storyboard */,
				C569AC7D1BFCFCC7003F9995 /* Assets.xcassets */,
				C569AC7F1BFCFCC7003F9995 /* LaunchScreen.storyboard */,
				C569AC821BFCFCC7003F9995 /* Info.plist */,
				73BC67F29C9087616D869E8A /* View Controllers */,
				73BC6D36DEAA5EA2A8AED39C /* App.swift */,
				73BC6BB5FE85E7F637DF078E /* Data */,
				73BC69E7296CA9E88F7D3D6B /* Views */,
				73BC6620C9A12DA50F8C2ED2 /* Themes */,
				73BC6FEB6953855B28CEED92 /* Extensions */,
				73BC661ACFB808416536F6B0 /* ThemedViewController.swift */,
			);
			path = HyperHabit;
			sourceTree = "<group>";
		};
		C569AC951BFCFCC7003F9995 /* HyperHabitUITests */ = {
			isa = PBXGroup;
			children = (
				C569AC961BFCFCC7003F9995 /* HyperHabitUITests.swift */,
				C569AC981BFCFCC7003F9995 /* Info.plist */,
			);
			path = HyperHabitUITests;
			sourceTree = "<group>";
		};
		C580A4DB1BFF507200CF4C31 /* Vendor */ = {
			isa = PBXGroup;
			children = (
				C50657571C11B3F300DCB557 /* DTFoundation */,
				C53ABD081C032C22007F27FE /* Parse */,
			);
			path = Vendor;
			sourceTree = "<group>";
		};
		C5A658191C01BBD2008DE843 /* Frameworks */ = {
			isa = PBXGroup;
			children = (
				C53ABD3F1C032CDB007F27FE /* libsqlite3.tbd */,
				C53ABD3D1C032CD4007F27FE /* libz.tbd */,
				C53ABD291C032CA6007F27FE /* Accounts.framework */,
				C53ABD2A1C032CA6007F27FE /* AudioToolbox.framework */,
				C53ABD2B1C032CA6007F27FE /* CFNetwork.framework */,
				C53ABD2C1C032CA6007F27FE /* CoreGraphics.framework */,
				C53ABD2D1C032CA6007F27FE /* CoreLocation.framework */,
				C53ABD2E1C032CA6007F27FE /* QuartzCore.framework */,
				C53ABD2F1C032CA6007F27FE /* Security.framework */,
				C53ABD301C032CA6007F27FE /* Social.framework */,
				C53ABD311C032CA6007F27FE /* StoreKit.framework */,
				C53ABD321C032CA6007F27FE /* SystemConfiguration.framework */,
				C5A6581A1C01BBD2008DE843 /* NotificationCenter.framework */,
			);
			name = Frameworks;
			sourceTree = "<group>";
		};
		C5A6581C1C01BBD2008DE843 /* TodayExtension */ = {
			isa = PBXGroup;
			children = (
				C53ABCFF1C02F71E007F27FE /* TodayExtension.entitlements */,
				C5A6581F1C01BBD2008DE843 /* MainInterface.storyboard */,
				C5A658221C01BBD2008DE843 /* Info.plist */,
				73BC62A7B8617BE98E343F33 /* Src */,
			);
			path = TodayExtension;
			sourceTree = "<group>";
		};
/* End PBXGroup section */

/* Begin PBXNativeTarget section */
		C569AC721BFCFCC7003F9995 /* HyperHabit */ = {
			isa = PBXNativeTarget;
			buildConfigurationList = C569AC9B1BFCFCC7003F9995 /* Build configuration list for PBXNativeTarget "HyperHabit" */;
			buildPhases = (
				C569AC6F1BFCFCC7003F9995 /* Sources */,
				C569AC701BFCFCC7003F9995 /* Frameworks */,
				C569AC711BFCFCC7003F9995 /* Resources */,
				C5A658291C01BBD3008DE843 /* Embed App Extensions */,
			);
			buildRules = (
			);
			dependencies = (
				C5A658241C01BBD2008DE843 /* PBXTargetDependency */,
			);
			name = HyperHabit;
			productName = HyperHabit;
			productReference = C569AC731BFCFCC7003F9995 /* HyperHabit.app */;
			productType = "com.apple.product-type.application";
		};
		C569AC861BFCFCC7003F9995 /* HyperHabitTests */ = {
			isa = PBXNativeTarget;
			buildConfigurationList = C569AC9E1BFCFCC7003F9995 /* Build configuration list for PBXNativeTarget "HyperHabitTests" */;
			buildPhases = (
				C569AC831BFCFCC7003F9995 /* Sources */,
				C569AC841BFCFCC7003F9995 /* Frameworks */,
				C569AC851BFCFCC7003F9995 /* Resources */,
			);
			buildRules = (
			);
			dependencies = (
				C569AC891BFCFCC7003F9995 /* PBXTargetDependency */,
			);
			name = HyperHabitTests;
			productName = HyperHabitTests;
			productReference = C569AC871BFCFCC7003F9995 /* HyperHabitTests.xctest */;
			productType = "com.apple.product-type.bundle.unit-test";
		};
		C569AC911BFCFCC7003F9995 /* HyperHabitUITests */ = {
			isa = PBXNativeTarget;
			buildConfigurationList = C569ACA11BFCFCC7003F9995 /* Build configuration list for PBXNativeTarget "HyperHabitUITests" */;
			buildPhases = (
				C569AC8E1BFCFCC7003F9995 /* Sources */,
				C569AC8F1BFCFCC7003F9995 /* Frameworks */,
				C569AC901BFCFCC7003F9995 /* Resources */,
			);
			buildRules = (
			);
			dependencies = (
				C569AC941BFCFCC7003F9995 /* PBXTargetDependency */,
			);
			name = HyperHabitUITests;
			productName = HyperHabitUITests;
			productReference = C569AC921BFCFCC7003F9995 /* HyperHabitUITests.xctest */;
			productType = "com.apple.product-type.bundle.ui-testing";
		};
		C5A658171C01BBD2008DE843 /* TodayExtension */ = {
			isa = PBXNativeTarget;
			buildConfigurationList = C5A658281C01BBD3008DE843 /* Build configuration list for PBXNativeTarget "TodayExtension" */;
			buildPhases = (
				C5A658141C01BBD2008DE843 /* Sources */,
				C5A658151C01BBD2008DE843 /* Frameworks */,
				C5A658161C01BBD2008DE843 /* Resources */,
			);
			buildRules = (
			);
			dependencies = (
			);
			name = TodayExtension;
			productName = TodayExtension;
			productReference = C5A658181C01BBD2008DE843 /* TodayExtension.appex */;
			productType = "com.apple.product-type.app-extension";
		};
/* End PBXNativeTarget section */

/* Begin PBXProject section */
		C569AC6B1BFCFCC7003F9995 /* Project object */ = {
			isa = PBXProject;
			attributes = {
				LastSwiftUpdateCheck = 0710;
				LastUpgradeCheck = 0710;
				ORGANIZATIONNAME = "Maxim Pervushin";
				TargetAttributes = {
					C569AC721BFCFCC7003F9995 = {
						CreatedOnToolsVersion = 7.1.1;
						DevelopmentTeam = FRM2L78456;
						SystemCapabilities = {
							com.apple.ApplicationGroups.iOS = {
								enabled = 1;
							};
						};
					};
					C569AC861BFCFCC7003F9995 = {
						CreatedOnToolsVersion = 7.1.1;
						TestTargetID = C569AC721BFCFCC7003F9995;
					};
					C569AC911BFCFCC7003F9995 = {
						CreatedOnToolsVersion = 7.1.1;
						TestTargetID = C569AC721BFCFCC7003F9995;
					};
					C5A658171C01BBD2008DE843 = {
						CreatedOnToolsVersion = 7.1.1;
						DevelopmentTeam = FRM2L78456;
						SystemCapabilities = {
							com.apple.ApplicationGroups.iOS = {
								enabled = 1;
							};
						};
					};
				};
			};
			buildConfigurationList = C569AC6E1BFCFCC7003F9995 /* Build configuration list for PBXProject "HyperHabit" */;
			compatibilityVersion = "Xcode 3.2";
			developmentRegion = English;
			hasScannedForEncodings = 0;
			knownRegions = (
				en,
				Base,
			);
			mainGroup = C569AC6A1BFCFCC7003F9995;
			productRefGroup = C569AC741BFCFCC7003F9995 /* Products */;
			projectDirPath = "";
			projectRoot = "";
			targets = (
				C569AC721BFCFCC7003F9995 /* HyperHabit */,
				C569AC861BFCFCC7003F9995 /* HyperHabitTests */,
				C569AC911BFCFCC7003F9995 /* HyperHabitUITests */,
				C5A658171C01BBD2008DE843 /* TodayExtension */,
			);
		};
/* End PBXProject section */

/* Begin PBXResourcesBuildPhase section */
		C569AC711BFCFCC7003F9995 /* Resources */ = {
			isa = PBXResourcesBuildPhase;
			buildActionMask = 2147483647;
			files = (
				C569AC811BFCFCC7003F9995 /* LaunchScreen.storyboard in Resources */,
				C569AC7E1BFCFCC7003F9995 /* Assets.xcassets in Resources */,
				C569AC7C1BFCFCC7003F9995 /* Main.storyboard in Resources */,
			);
			runOnlyForDeploymentPostprocessing = 0;
		};
		C569AC851BFCFCC7003F9995 /* Resources */ = {
			isa = PBXResourcesBuildPhase;
			buildActionMask = 2147483647;
			files = (
			);
			runOnlyForDeploymentPostprocessing = 0;
		};
		C569AC901BFCFCC7003F9995 /* Resources */ = {
			isa = PBXResourcesBuildPhase;
			buildActionMask = 2147483647;
			files = (
			);
			runOnlyForDeploymentPostprocessing = 0;
		};
		C5A658161C01BBD2008DE843 /* Resources */ = {
			isa = PBXResourcesBuildPhase;
			buildActionMask = 2147483647;
			files = (
				C57536C11C15A56000976E51 /* Assets.xcassets in Resources */,
				C5A658211C01BBD2008DE843 /* MainInterface.storyboard in Resources */,
			);
			runOnlyForDeploymentPostprocessing = 0;
		};
/* End PBXResourcesBuildPhase section */

/* Begin PBXSourcesBuildPhase section */
		C569AC6F1BFCFCC7003F9995 /* Sources */ = {
			isa = PBXSourcesBuildPhase;
			buildActionMask = 2147483647;
			files = (
				C569AC771BFCFCC7003F9995 /* AppDelegate.swift in Sources */,
				C51CB18D1C4914B500D597E6 /* MXInactiveDayCell.swift in Sources */,
				C506575D1C11B3F300DCB557 /* DTFolderMonitor.m in Sources */,
				73BC6496642535D409208C57 /* HabitListViewController.swift in Sources */,
				73BC6DD0D1BC4B545D2721DE /* HabitListDataSource.swift in Sources */,
				73BC611015B9409E9C0D368A /* App.swift in Sources */,
				C51CB18C1C4914B500D597E6 /* MXEmptyCell.swift in Sources */,
				C51CB18E1C4914B500D597E6 /* MXMonthCell.swift in Sources */,
				73BC67865C9DEA9C99013D42 /* ReportsByDateDataSource.swift in Sources */,
				73BC68B92DB07109CD8DE1F5 /* StatisticsViewController.swift in Sources */,
				73BC6926D8043A8D2884A763 /* StatisticsDataSource.swift in Sources */,
				73BC6F2E8DBEC7CDCD0D5437 /* Habit.swift in Sources */,
				73BC6AF000D6E149BCC6039F /* Report.swift in Sources */,
				73BC6A13933747D2E11B9038 /* DataProvider.swift in Sources */,
				73BC6C28A5F03998A33426DF /* DataSource.swift in Sources */,
				73BC654909448959DBA56ECC /* StatisticsForDateViewController.swift in Sources */,
				C51CB18B1C4914B500D597E6 /* MXDayCell.swift in Sources */,
				73BC6DAAF7353CDC03D11D91 /* StatisticsForDateDataSource.swift in Sources */,
				C51CB1931C49153700D597E6 /* MXMonthView.swift in Sources */,
				73BC601BD33E45B9AAC0452A /* EditHabitViewController.swift in Sources */,
				73BC63CC9A466959D80CDA86 /* ReportsByDateViewController.swift in Sources */,
				73BC6F9FB1AE35BA7BC7F5B5 /* HabitEditor.swift in Sources */,
				73BC6C92461627921BA60EB0 /* EditHabitDataSource.swift in Sources */,
				73BC6EA1BADE193C6E7D2D28 /* ReportCell.swift in Sources */,
				73BC6BF6715328CFF92F92BA /* LineView.swift in Sources */,
				73BC6933E1377E3482644CA4 /* HabitCell.swift in Sources */,
				73BC63738D0525CB7FE2962E /* Service.swift in Sources */,
				73BC645F8E28727CAB1A1196 /* ParseService.swift in Sources */,
				73BC613D096CE754EE3CE0CF /* Report+Parse.swift in Sources */,
				C545BDAC1C4CE93A00C630F4 /* MXReusableView.swift in Sources */,
				73BC64E424F16B66E9C3F03A /* Habit+Parse.swift in Sources */,
				73BC69B05D467112C7BCA258 /* PlistCache.swift in Sources */,
				73BC66B35670341D6E8B3E9A /* Report+PlistObject.swift in Sources */,
				73BC66A210D43A9516BEE8CD /* Habit+PlistObject.swift in Sources */,
				73BC6D3D8E8D60D95FB440A7 /* DataManager.swift in Sources */,
				C51CB18F1C4914B500D597E6 /* MXTextCell.swift in Sources */,
				73BC66C1E3EFAF6C4EAA94B3 /* ChangesObserver.swift in Sources */,
				73BC64D1753EAFB04AAF13C3 /* SettingsViewController.swift in Sources */,
				73BC6DDC36C14242551D334A /* ServiceUIAuthentication.swift in Sources */,
				73BC6DD591FCD93496895942 /* DatePickerViewController.swift in Sources */,
				73BC680E466617DF5ACC29B1 /* ThemeManager.swift in Sources */,
				73BC6B18E86FB2EFF0D0369A /* Theme.swift in Sources */,
				73BC6B1F5FBC74A3E6903A7D /* BackgroundView.swift in Sources */,
				73BC6FD9B843E25B32513064 /* UIColor+Hyper.swift in Sources */,
				73BC67724D067790E8B7D971 /* TintView.swift in Sources */,
				73BC6212A920CB533B710A22 /* ThemePickerViewController.swift in Sources */,
				73BC63B57CFD9530C2D61B7E /* ThemePickerDataSource.swift in Sources */,
				73BC6ADBA352048BC0A955D1 /* ThemeCell.swift in Sources */,
				73BC6D703398D835462EB01E /* DayCell.swift in Sources */,
				73BC64CCEDA3AA754B9606E2 /* NSDate+HyperHabit.swift in Sources */,
				73BC612F988CB3CC606E3367 /* MonthCollectionReusableView.swift in Sources */,
				C51CB1921C49153700D597E6 /* MXCalendarView.swift in Sources */,
				73BC688A7B6EF43B6939AB76 /* LineCollectionReusableView.swift in Sources */,
				73BC6A801BBCBD8FD5308643 /* Cache.swift in Sources */,
				73BC6CBF55DBA058B91822C1 /* CheckboxView.swift in Sources */,
				73BC6268400F4E8CA058205E /* ThemedViewController.swift in Sources */,
				73BC670559A637730119FE30 /* BackgroundImageView.swift in Sources */,
				73BC600FA3D1823DFF3E43DC /* UIColor+HyperHabit.swift in Sources */,
				73BC69B6EA0E0376559AEF78 /* MXAccessoryView.swift in Sources */,
				73BC6F9058CF16C24FD4A515 /* LogInViewController.swift in Sources */,
				73BC662D541534BBEB57845D /* TextField.swift in Sources */,
				73BC68934F30C6C40A0B947B /* Label.swift in Sources */,
				73BC6932C0FC20C7F350B289 /* SignUpViewController.swift in Sources */,
			);
			runOnlyForDeploymentPostprocessing = 0;
		};
		C569AC831BFCFCC7003F9995 /* Sources */ = {
			isa = PBXSourcesBuildPhase;
			buildActionMask = 2147483647;
			files = (
				C580A4D91BFF324300CF4C31 /* ReportsByDateDataSource.swift in Sources */,
				73BC6FE73A72C97A96896B31 /* StatisticsDataSource.swift in Sources */,
				73BC65D1874610D81D4C7A4A /* Habit.swift in Sources */,
				73BC6C31469750ABD353AF6B /* Report.swift in Sources */,
				73BC6DA774E3ABF8C1D6D0E2 /* DataProvider.swift in Sources */,
				73BC60B20CF2AC052B56E82B /* DataSource.swift in Sources */,
				73BC6FC7792F42632C7FEB38 /* StatisticsForDateDataSource.swift in Sources */,
				73BC6D41ADECE2CF00B37FED /* HabitEditor.swift in Sources */,
				73BC66AAEDB65397CE80BD2B /* EditHabitDataSource.swift in Sources */,
				73BC654A3C3F6E787F10E89F /* Service.swift in Sources */,
				73BC64047F0D9071820BD160 /* ParseService.swift in Sources */,
				73BC67B00A6B4D4FF63B1F3D /* Report+Parse.swift in Sources */,
				73BC67134B75A49EE1904446 /* Habit+Parse.swift in Sources */,
				73BC63969986AD18784BFFB0 /* PlistCache.swift in Sources */,
				73BC6F3B91197B45DE9C9E9B /* DataManagerTestCase.swift in Sources */,
				73BC69F8A8B444EA3A24E042 /* DataManagerTestCase+saveHabit.swift in Sources */,
				73BC6684A1BFD0F7AF642ACE /* DataManagerTestCase+deleteHabit.swift in Sources */,
				73BC666EF01D7D96E5190BA9 /* DataManagerTestCase+reportsForDate.swift in Sources */,
				73BC6425575996C5E5A8ECEA /* TodayDataSourceTestCase.swift in Sources */,
				C506575E1C11B3F300DCB557 /* DTFolderMonitor.m in Sources */,
				73BC65AAF0EBC3E75E22C757 /* TodayDataSourceTestCase+todayReports.swift in Sources */,
				73BC6536368992A54577F092 /* Test.swift in Sources */,
				73BC64FDDC35129A0B541748 /* HabitEditorTestCase.swift in Sources */,
				73BC66C0ABD2B9E465DF2108 /* Report+PlistObject.swift in Sources */,
				73BC60927BD09A1378E6CF20 /* Habit+PlistObject.swift in Sources */,
				73BC6DB59B5866C2C96B77CB /* DataManager.swift in Sources */,
				73BC65163A6E21434542C997 /* ChangesObserver.swift in Sources */,
				73BC6AC78402FA74FBCDA762 /* MockDataManager.swift in Sources */,
				73BC654884068C8B8B969D3C /* ServiceUIAuthentication.swift in Sources */,
				73BC6E82D5A3F3142B817E9F /* Cache.swift in Sources */,
			);
			runOnlyForDeploymentPostprocessing = 0;
		};
		C569AC8E1BFCFCC7003F9995 /* Sources */ = {
			isa = PBXSourcesBuildPhase;
			buildActionMask = 2147483647;
			files = (
				C569AC971BFCFCC7003F9995 /* HyperHabitUITests.swift in Sources */,
				73BC6DD5B264DE8AF31C60F9 /* Habit.swift in Sources */,
				73BC633484A642A7CC0F4B29 /* Report.swift in Sources */,
				73BC683D80EB18DDA475AB73 /* DataProvider.swift in Sources */,
			);
			runOnlyForDeploymentPostprocessing = 0;
		};
		C5A658141C01BBD2008DE843 /* Sources */ = {
			isa = PBXSourcesBuildPhase;
			buildActionMask = 2147483647;
			files = (
				C53ABD031C02F800007F27FE /* DataProvider.swift in Sources */,
				C53ABD001C02F800007F27FE /* Habit.swift in Sources */,
				73BC6F6EDB055316DBC6B7D2 /* TodayViewController.swift in Sources */,
				73BC61E73FF89FF8D699E455 /* App.swift in Sources */,
				C53ABD071C02F90A007F27FE /* DataSource.swift in Sources */,
				C574FC151C4F9C3500CC44E1 /* NSDate+HyperHabit.swift in Sources */,
				C53ABD011C02F800007F27FE /* Report.swift in Sources */,
				73BC6700D48633F4274A3735 /* TodayDataSource.swift in Sources */,
				C5F8B7AB1C0C4E7E003904C1 /* ReportCell.swift in Sources */,
				73BC6292D2184EA8723FA832 /* LineView.swift in Sources */,
				73BC6BD9F20C2D8AE3F1741E /* Service.swift in Sources */,
				C506575F1C11B3F300DCB557 /* DTFolderMonitor.m in Sources */,
				73BC6BAFD3E0BCAAE7745469 /* ParseService.swift in Sources */,
				73BC689F5B32811D3BF50CE5 /* Report+Parse.swift in Sources */,
				73BC6DCE32F9C2FADE737A06 /* Habit+Parse.swift in Sources */,
				73BC60AAB1271E1F3C0EF6F1 /* PlistCache.swift in Sources */,
				73BC6F9872138F86CA87E69D /* Report+PlistObject.swift in Sources */,
				C545BDAB1C4CE93900C630F4 /* MXReusableView.swift in Sources */,
				73BC6D4CD1A62104B8B7B558 /* Habit+PlistObject.swift in Sources */,
				73BC6AF7250DF2F6AF6C7621 /* DataManager.swift in Sources */,
				73BC6D9CF53D8F33005B437C /* ChangesObserver.swift in Sources */,
				73BC6B0C27FB42AA4C2EACEC /* ServiceUIAuthentication.swift in Sources */,
				73BC6EC793B067F7439B771A /* UIColor+Hyper.swift in Sources */,
				73BC6A7A6EB973C9DC64433A /* Cache.swift in Sources */,
				73BC6A525EFDBCA7346B8E93 /* CheckboxView.swift in Sources */,
			);
			runOnlyForDeploymentPostprocessing = 0;
		};
/* End PBXSourcesBuildPhase section */

/* Begin PBXTargetDependency section */
		C569AC891BFCFCC7003F9995 /* PBXTargetDependency */ = {
			isa = PBXTargetDependency;
			target = C569AC721BFCFCC7003F9995 /* HyperHabit */;
			targetProxy = C569AC881BFCFCC7003F9995 /* PBXContainerItemProxy */;
		};
		C569AC941BFCFCC7003F9995 /* PBXTargetDependency */ = {
			isa = PBXTargetDependency;
			target = C569AC721BFCFCC7003F9995 /* HyperHabit */;
			targetProxy = C569AC931BFCFCC7003F9995 /* PBXContainerItemProxy */;
		};
		C5A658241C01BBD2008DE843 /* PBXTargetDependency */ = {
			isa = PBXTargetDependency;
			target = C5A658171C01BBD2008DE843 /* TodayExtension */;
			targetProxy = C5A658231C01BBD2008DE843 /* PBXContainerItemProxy */;
		};
/* End PBXTargetDependency section */

/* Begin PBXVariantGroup section */
		C569AC7A1BFCFCC7003F9995 /* Main.storyboard */ = {
			isa = PBXVariantGroup;
			children = (
				C569AC7B1BFCFCC7003F9995 /* Base */,
			);
			name = Main.storyboard;
			sourceTree = "<group>";
		};
		C569AC7F1BFCFCC7003F9995 /* LaunchScreen.storyboard */ = {
			isa = PBXVariantGroup;
			children = (
				C569AC801BFCFCC7003F9995 /* Base */,
			);
			name = LaunchScreen.storyboard;
			sourceTree = "<group>";
		};
		C5A6581F1C01BBD2008DE843 /* MainInterface.storyboard */ = {
			isa = PBXVariantGroup;
			children = (
				C5A658201C01BBD2008DE843 /* Base */,
			);
			name = MainInterface.storyboard;
			sourceTree = "<group>";
		};
/* End PBXVariantGroup section */

/* Begin XCBuildConfiguration section */
		C569AC991BFCFCC7003F9995 /* Debug */ = {
			isa = XCBuildConfiguration;
			buildSettings = {
				ALWAYS_SEARCH_USER_PATHS = NO;
				CLANG_CXX_LANGUAGE_STANDARD = "gnu++0x";
				CLANG_CXX_LIBRARY = "libc++";
				CLANG_ENABLE_MODULES = YES;
				CLANG_ENABLE_OBJC_ARC = YES;
				CLANG_WARN_BOOL_CONVERSION = YES;
				CLANG_WARN_CONSTANT_CONVERSION = YES;
				CLANG_WARN_DIRECT_OBJC_ISA_USAGE = YES_ERROR;
				CLANG_WARN_EMPTY_BODY = YES;
				CLANG_WARN_ENUM_CONVERSION = YES;
				CLANG_WARN_INT_CONVERSION = YES;
				CLANG_WARN_OBJC_ROOT_CLASS = YES_ERROR;
				CLANG_WARN_UNREACHABLE_CODE = YES;
				CLANG_WARN__DUPLICATE_METHOD_MATCH = YES;
				"CODE_SIGN_IDENTITY[sdk=iphoneos*]" = "iPhone Developer";
				COPY_PHASE_STRIP = NO;
				DEBUG_INFORMATION_FORMAT = dwarf;
				ENABLE_STRICT_OBJC_MSGSEND = YES;
				ENABLE_TESTABILITY = YES;
				GCC_C_LANGUAGE_STANDARD = gnu99;
				GCC_DYNAMIC_NO_PIC = NO;
				GCC_NO_COMMON_BLOCKS = YES;
				GCC_OPTIMIZATION_LEVEL = 0;
				GCC_PREPROCESSOR_DEFINITIONS = (
					"DEBUG=1",
					"$(inherited)",
				);
				GCC_WARN_64_TO_32_BIT_CONVERSION = YES;
				GCC_WARN_ABOUT_RETURN_TYPE = YES_ERROR;
				GCC_WARN_UNDECLARED_SELECTOR = YES;
				GCC_WARN_UNINITIALIZED_AUTOS = YES_AGGRESSIVE;
				GCC_WARN_UNUSED_FUNCTION = YES;
				GCC_WARN_UNUSED_VARIABLE = YES;
				IPHONEOS_DEPLOYMENT_TARGET = 9.1;
				MTL_ENABLE_DEBUG_INFO = YES;
				ONLY_ACTIVE_ARCH = YES;
				SDKROOT = iphoneos;
				SWIFT_OBJC_BRIDGING_HEADER = ./Common/HyperHabitBridgingHeader.h;
				SWIFT_OPTIMIZATION_LEVEL = "-Onone";
				TARGETED_DEVICE_FAMILY = "1,2";
			};
			name = Debug;
		};
		C569AC9A1BFCFCC7003F9995 /* Release */ = {
			isa = XCBuildConfiguration;
			buildSettings = {
				ALWAYS_SEARCH_USER_PATHS = NO;
				CLANG_CXX_LANGUAGE_STANDARD = "gnu++0x";
				CLANG_CXX_LIBRARY = "libc++";
				CLANG_ENABLE_MODULES = YES;
				CLANG_ENABLE_OBJC_ARC = YES;
				CLANG_WARN_BOOL_CONVERSION = YES;
				CLANG_WARN_CONSTANT_CONVERSION = YES;
				CLANG_WARN_DIRECT_OBJC_ISA_USAGE = YES_ERROR;
				CLANG_WARN_EMPTY_BODY = YES;
				CLANG_WARN_ENUM_CONVERSION = YES;
				CLANG_WARN_INT_CONVERSION = YES;
				CLANG_WARN_OBJC_ROOT_CLASS = YES_ERROR;
				CLANG_WARN_UNREACHABLE_CODE = YES;
				CLANG_WARN__DUPLICATE_METHOD_MATCH = YES;
				"CODE_SIGN_IDENTITY[sdk=iphoneos*]" = "iPhone Developer";
				COPY_PHASE_STRIP = NO;
				DEBUG_INFORMATION_FORMAT = "dwarf-with-dsym";
				ENABLE_NS_ASSERTIONS = NO;
				ENABLE_STRICT_OBJC_MSGSEND = YES;
				GCC_C_LANGUAGE_STANDARD = gnu99;
				GCC_NO_COMMON_BLOCKS = YES;
				GCC_WARN_64_TO_32_BIT_CONVERSION = YES;
				GCC_WARN_ABOUT_RETURN_TYPE = YES_ERROR;
				GCC_WARN_UNDECLARED_SELECTOR = YES;
				GCC_WARN_UNINITIALIZED_AUTOS = YES_AGGRESSIVE;
				GCC_WARN_UNUSED_FUNCTION = YES;
				GCC_WARN_UNUSED_VARIABLE = YES;
				IPHONEOS_DEPLOYMENT_TARGET = 9.1;
				MTL_ENABLE_DEBUG_INFO = NO;
				SDKROOT = iphoneos;
				SWIFT_OBJC_BRIDGING_HEADER = ./Common/HyperHabitBridgingHeader.h;
				TARGETED_DEVICE_FAMILY = "1,2";
				VALIDATE_PRODUCT = YES;
			};
			name = Release;
		};
		C569AC9C1BFCFCC7003F9995 /* Debug */ = {
			isa = XCBuildConfiguration;
			buildSettings = {
				ASSETCATALOG_COMPILER_APPICON_NAME = AppIcon;
				CODE_SIGN_ENTITLEMENTS = HyperHabit/HyperHabit.entitlements;
				CODE_SIGN_IDENTITY = "iPhone Developer";
				"CODE_SIGN_IDENTITY[sdk=iphoneos*]" = "iPhone Developer";
				EMBEDDED_CONTENT_CONTAINS_SWIFT = YES;
				FRAMEWORK_SEARCH_PATHS = (
					"$(inherited)",
					"$(PROJECT_DIR)/Vendor/Parse",
				);
				INFOPLIST_FILE = HyperHabit/Info.plist;
				LD_RUNPATH_SEARCH_PATHS = "$(inherited) @executable_path/Frameworks";
				PRODUCT_BUNDLE_IDENTIFIER = com.maximpervushin.HyperHabit;
				PRODUCT_NAME = "$(TARGET_NAME)";
				PROVISIONING_PROFILE = "";
			};
			name = Debug;
		};
		C569AC9D1BFCFCC7003F9995 /* Release */ = {
			isa = XCBuildConfiguration;
			buildSettings = {
				ASSETCATALOG_COMPILER_APPICON_NAME = AppIcon;
				CODE_SIGN_ENTITLEMENTS = HyperHabit/HyperHabit.entitlements;
				CODE_SIGN_IDENTITY = "iPhone Developer";
				"CODE_SIGN_IDENTITY[sdk=iphoneos*]" = "iPhone Developer";
				EMBEDDED_CONTENT_CONTAINS_SWIFT = YES;
				FRAMEWORK_SEARCH_PATHS = (
					"$(inherited)",
					"$(PROJECT_DIR)/Vendor/Parse",
				);
				INFOPLIST_FILE = HyperHabit/Info.plist;
				LD_RUNPATH_SEARCH_PATHS = "$(inherited) @executable_path/Frameworks";
				PRODUCT_BUNDLE_IDENTIFIER = com.maximpervushin.HyperHabit;
				PRODUCT_NAME = "$(TARGET_NAME)";
				PROVISIONING_PROFILE = "";
			};
			name = Release;
		};
		C569AC9F1BFCFCC7003F9995 /* Debug */ = {
			isa = XCBuildConfiguration;
			buildSettings = {
				BUNDLE_LOADER = "$(TEST_HOST)";
				FRAMEWORK_SEARCH_PATHS = (
					"$(inherited)",
					"$(PROJECT_DIR)/Vendor/Parse",
				);
				INFOPLIST_FILE = HyperHabitTests/Info.plist;
				LD_RUNPATH_SEARCH_PATHS = "$(inherited) @executable_path/Frameworks @loader_path/Frameworks";
				PRODUCT_BUNDLE_IDENTIFIER = com.maximpervushin.HyperHabitTests;
				PRODUCT_NAME = "$(TARGET_NAME)";
				TEST_HOST = "$(BUILT_PRODUCTS_DIR)/HyperHabit.app/HyperHabit";
			};
			name = Debug;
		};
		C569ACA01BFCFCC7003F9995 /* Release */ = {
			isa = XCBuildConfiguration;
			buildSettings = {
				BUNDLE_LOADER = "$(TEST_HOST)";
				FRAMEWORK_SEARCH_PATHS = (
					"$(inherited)",
					"$(PROJECT_DIR)/Vendor/Parse",
				);
				INFOPLIST_FILE = HyperHabitTests/Info.plist;
				LD_RUNPATH_SEARCH_PATHS = "$(inherited) @executable_path/Frameworks @loader_path/Frameworks";
				PRODUCT_BUNDLE_IDENTIFIER = com.maximpervushin.HyperHabitTests;
				PRODUCT_NAME = "$(TARGET_NAME)";
				TEST_HOST = "$(BUILT_PRODUCTS_DIR)/HyperHabit.app/HyperHabit";
			};
			name = Release;
		};
		C569ACA21BFCFCC7003F9995 /* Debug */ = {
			isa = XCBuildConfiguration;
			buildSettings = {
				FRAMEWORK_SEARCH_PATHS = (
					"$(inherited)",
					"$(PROJECT_DIR)/Vendor/Parse",
				);
				INFOPLIST_FILE = HyperHabitUITests/Info.plist;
				LD_RUNPATH_SEARCH_PATHS = "$(inherited) @executable_path/Frameworks @loader_path/Frameworks";
				PRODUCT_BUNDLE_IDENTIFIER = com.maximpervushin.HyperHabitUITests;
				PRODUCT_NAME = "$(TARGET_NAME)";
				TEST_TARGET_NAME = HyperHabit;
				USES_XCTRUNNER = YES;
			};
			name = Debug;
		};
		C569ACA31BFCFCC7003F9995 /* Release */ = {
			isa = XCBuildConfiguration;
			buildSettings = {
				FRAMEWORK_SEARCH_PATHS = (
					"$(inherited)",
					"$(PROJECT_DIR)/Vendor/Parse",
				);
				INFOPLIST_FILE = HyperHabitUITests/Info.plist;
				LD_RUNPATH_SEARCH_PATHS = "$(inherited) @executable_path/Frameworks @loader_path/Frameworks";
				PRODUCT_BUNDLE_IDENTIFIER = com.maximpervushin.HyperHabitUITests;
				PRODUCT_NAME = "$(TARGET_NAME)";
				TEST_TARGET_NAME = HyperHabit;
				USES_XCTRUNNER = YES;
			};
			name = Release;
		};
		C5A658261C01BBD3008DE843 /* Debug */ = {
			isa = XCBuildConfiguration;
			buildSettings = {
				CODE_SIGN_ENTITLEMENTS = TodayExtension/TodayExtension.entitlements;
				CODE_SIGN_IDENTITY = "iPhone Developer";
				"CODE_SIGN_IDENTITY[sdk=iphoneos*]" = "iPhone Developer";
				FRAMEWORK_SEARCH_PATHS = (
					"$(inherited)",
					"$(PROJECT_DIR)/Vendor/Parse",
				);
				INFOPLIST_FILE = TodayExtension/Info.plist;
				LD_RUNPATH_SEARCH_PATHS = "$(inherited) @executable_path/Frameworks @executable_path/../../Frameworks";
				PRODUCT_BUNDLE_IDENTIFIER = com.maximpervushin.HyperHabit.TodayExtension;
				PRODUCT_NAME = "$(TARGET_NAME)";
				PROVISIONING_PROFILE = "";
				SKIP_INSTALL = YES;
			};
			name = Debug;
		};
		C5A658271C01BBD3008DE843 /* Release */ = {
			isa = XCBuildConfiguration;
			buildSettings = {
				CODE_SIGN_ENTITLEMENTS = TodayExtension/TodayExtension.entitlements;
				CODE_SIGN_IDENTITY = "iPhone Developer";
				"CODE_SIGN_IDENTITY[sdk=iphoneos*]" = "iPhone Developer";
				FRAMEWORK_SEARCH_PATHS = (
					"$(inherited)",
					"$(PROJECT_DIR)/Vendor/Parse",
				);
				INFOPLIST_FILE = TodayExtension/Info.plist;
				LD_RUNPATH_SEARCH_PATHS = "$(inherited) @executable_path/Frameworks @executable_path/../../Frameworks";
				PRODUCT_BUNDLE_IDENTIFIER = com.maximpervushin.HyperHabit.TodayExtension;
				PRODUCT_NAME = "$(TARGET_NAME)";
				PROVISIONING_PROFILE = "";
				SKIP_INSTALL = YES;
			};
			name = Release;
		};
/* End XCBuildConfiguration section */

/* Begin XCConfigurationList section */
		C569AC6E1BFCFCC7003F9995 /* Build configuration list for PBXProject "HyperHabit" */ = {
			isa = XCConfigurationList;
			buildConfigurations = (
				C569AC991BFCFCC7003F9995 /* Debug */,
				C569AC9A1BFCFCC7003F9995 /* Release */,
			);
			defaultConfigurationIsVisible = 0;
			defaultConfigurationName = Release;
		};
		C569AC9B1BFCFCC7003F9995 /* Build configuration list for PBXNativeTarget "HyperHabit" */ = {
			isa = XCConfigurationList;
			buildConfigurations = (
				C569AC9C1BFCFCC7003F9995 /* Debug */,
				C569AC9D1BFCFCC7003F9995 /* Release */,
			);
			defaultConfigurationIsVisible = 0;
			defaultConfigurationName = Release;
		};
		C569AC9E1BFCFCC7003F9995 /* Build configuration list for PBXNativeTarget "HyperHabitTests" */ = {
			isa = XCConfigurationList;
			buildConfigurations = (
				C569AC9F1BFCFCC7003F9995 /* Debug */,
				C569ACA01BFCFCC7003F9995 /* Release */,
			);
			defaultConfigurationIsVisible = 0;
			defaultConfigurationName = Release;
		};
		C569ACA11BFCFCC7003F9995 /* Build configuration list for PBXNativeTarget "HyperHabitUITests" */ = {
			isa = XCConfigurationList;
			buildConfigurations = (
				C569ACA21BFCFCC7003F9995 /* Debug */,
				C569ACA31BFCFCC7003F9995 /* Release */,
			);
			defaultConfigurationIsVisible = 0;
			defaultConfigurationName = Release;
		};
		C5A658281C01BBD3008DE843 /* Build configuration list for PBXNativeTarget "TodayExtension" */ = {
			isa = XCConfigurationList;
			buildConfigurations = (
				C5A658261C01BBD3008DE843 /* Debug */,
				C5A658271C01BBD3008DE843 /* Release */,
			);
			defaultConfigurationIsVisible = 0;
			defaultConfigurationName = Release;
		};
/* End XCConfigurationList section */
	};
	rootObject = C569AC6B1BFCFCC7003F9995 /* Project object */;
}
