// !$*UTF8*$!
{
	archiveVersion = 1;
	classes = {
	};
	objectVersion = 46;
	objects = {

/* Begin PBXBuildFile section */
		C572B97F1C6B41B000E12B08 /* AppDelegate.swift in Sources */ = {isa = PBXBuildFile; fileRef = C572B97E1C6B41B000E12B08 /* AppDelegate.swift */; };
		C572B9811C6B41B000E12B08 /* ViewController.swift in Sources */ = {isa = PBXBuildFile; fileRef = C572B9801C6B41B000E12B08 /* ViewController.swift */; };
		C572B9841C6B41B000E12B08 /* Main.storyboard in Resources */ = {isa = PBXBuildFile; fileRef = C572B9821C6B41B000E12B08 /* Main.storyboard */; };
		C572B9861C6B41B000E12B08 /* Assets.xcassets in Resources */ = {isa = PBXBuildFile; fileRef = C572B9851C6B41B000E12B08 /* Assets.xcassets */; };
		C572B9891C6B41B000E12B08 /* LaunchScreen.storyboard in Resources */ = {isa = PBXBuildFile; fileRef = C572B9871C6B41B000E12B08 /* LaunchScreen.storyboard */; };
		C572B9911C6B41E700E12B08 /* CheckboxView.swift in Sources */ = {isa = PBXBuildFile; fileRef = C572B9901C6B41E700E12B08 /* CheckboxView.swift */; };
/* End PBXBuildFile section */

/* Begin PBXFileReference section */
		C572B97B1C6B41B000E12B08 /* CheckboxResearch.app */ = {isa = PBXFileReference; explicitFileType = wrapper.application; includeInIndex = 0; path = CheckboxResearch.app; sourceTree = BUILT_PRODUCTS_DIR; };
		C572B97E1C6B41B000E12B08 /* AppDelegate.swift */ = {isa = PBXFileReference; lastKnownFileType = sourcecode.swift; path = AppDelegate.swift; sourceTree = "<group>"; };
		C572B9801C6B41B000E12B08 /* ViewController.swift */ = {isa = PBXFileReference; lastKnownFileType = sourcecode.swift; path = ViewController.swift; sourceTree = "<group>"; };
		C572B9831C6B41B000E12B08 /* Base */ = {isa = PBXFileReference; lastKnownFileType = file.storyboard; name = Base; path = Base.lproj/Main.storyboard; sourceTree = "<group>"; };
		C572B9851C6B41B000E12B08 /* Assets.xcassets */ = {isa = PBXFileReference; lastKnownFileType = folder.assetcatalog; path = Assets.xcassets; sourceTree = "<group>"; };
		C572B9881C6B41B000E12B08 /* Base */ = {isa = PBXFileReference; lastKnownFileType = file.storyboard; name = Base; path = Base.lproj/LaunchScreen.storyboard; sourceTree = "<group>"; };
		C572B98A1C6B41B000E12B08 /* Info.plist */ = {isa = PBXFileReference; lastKnownFileType = text.plist.xml; path = Info.plist; sourceTree = "<group>"; };
		C572B9901C6B41E700E12B08 /* CheckboxView.swift */ = {isa = PBXFileReference; fileEncoding = 4; lastKnownFileType = sourcecode.swift; path = CheckboxView.swift; sourceTree = "<group>"; };
/* End PBXFileReference section */

/* Begin PBXFrameworksBuildPhase section */
		C572B9781C6B41B000E12B08 /* Frameworks */ = {
			isa = PBXFrameworksBuildPhase;
			buildActionMask = 2147483647;
			files = (
			);
			runOnlyForDeploymentPostprocessing = 0;
		};
/* End PBXFrameworksBuildPhase section */

/* Begin PBXGroup section */
		C572B9721C6B41B000E12B08 = {
			isa = PBXGroup;
			children = (
				C572B97D1C6B41B000E12B08 /* CheckboxResearch */,
				C572B97C1C6B41B000E12B08 /* Products */,
			);
			sourceTree = "<group>";
		};
		C572B97C1C6B41B000E12B08 /* Products */ = {
			isa = PBXGroup;
			children = (
				C572B97B1C6B41B000E12B08 /* CheckboxResearch.app */,
			);
			name = Products;
			sourceTree = "<group>";
		};
		C572B97D1C6B41B000E12B08 /* CheckboxResearch */ = {
			isa = PBXGroup;
			children = (
				C572B97E1C6B41B000E12B08 /* AppDelegate.swift */,
				C572B9801C6B41B000E12B08 /* ViewController.swift */,
				C572B9821C6B41B000E12B08 /* Main.storyboard */,
				C572B9851C6B41B000E12B08 /* Assets.xcassets */,
				C572B9871C6B41B000E12B08 /* LaunchScreen.storyboard */,
				C572B98A1C6B41B000E12B08 /* Info.plist */,
				C572B9901C6B41E700E12B08 /* CheckboxView.swift */,
			);
			path = CheckboxResearch;
			sourceTree = "<group>";
		};
/* End PBXGroup section */

/* Begin PBXNativeTarget section */
		C572B97A1C6B41B000E12B08 /* CheckboxResearch */ = {
			isa = PBXNativeTarget;
			buildConfigurationList = C572B98D1C6B41B000E12B08 /* Build configuration list for PBXNativeTarget "CheckboxResearch" */;
			buildPhases = (
				C572B9771C6B41B000E12B08 /* Sources */,
				C572B9781C6B41B000E12B08 /* Frameworks */,
				C572B9791C6B41B000E12B08 /* Resources */,
			);
			buildRules = (
			);
			dependencies = (
			);
			name = CheckboxResearch;
			productName = CheckboxResearch;
			productReference = C572B97B1C6B41B000E12B08 /* CheckboxResearch.app */;
			productType = "com.apple.product-type.application";
		};
/* End PBXNativeTarget section */

/* Begin PBXProject section */
		C572B9731C6B41B000E12B08 /* Project object */ = {
			isa = PBXProject;
			attributes = {
				LastSwiftUpdateCheck = 0720;
				LastUpgradeCheck = 0720;
				ORGANIZATIONNAME = "Maxim Pervushin";
				TargetAttributes = {
					C572B97A1C6B41B000E12B08 = {
						CreatedOnToolsVersion = 7.2;
					};
				};
			};
			buildConfigurationList = C572B9761C6B41B000E12B08 /* Build configuration list for PBXProject "CheckboxResearch" */;
			compatibilityVersion = "Xcode 3.2";
			developmentRegion = English;
			hasScannedForEncodings = 0;
			knownRegions = (
				en,
				Base,
			);
			mainGroup = C572B9721C6B41B000E12B08;
			productRefGroup = C572B97C1C6B41B000E12B08 /* Products */;
			projectDirPath = "";
			projectRoot = "";
			targets = (
				C572B97A1C6B41B000E12B08 /* CheckboxResearch */,
			);
		};
/* End PBXProject section */

/* Begin PBXResourcesBuildPhase section */
		C572B9791C6B41B000E12B08 /* Resources */ = {
			isa = PBXResourcesBuildPhase;
			buildActionMask = 2147483647;
			files = (
				C572B9891C6B41B000E12B08 /* LaunchScreen.storyboard in Resources */,
				C572B9861C6B41B000E12B08 /* Assets.xcassets in Resources */,
				C572B9841C6B41B000E12B08 /* Main.storyboard in Resources */,
			);
			runOnlyForDeploymentPostprocessing = 0;
		};
/* End PBXResourcesBuildPhase section */

/* Begin PBXSourcesBuildPhase section */
		C572B9771C6B41B000E12B08 /* Sources */ = {
			isa = PBXSourcesBuildPhase;
			buildActionMask = 2147483647;
			files = (
				C572B9911C6B41E700E12B08 /* CheckboxView.swift in Sources */,
				C572B9811C6B41B000E12B08 /* ViewController.swift in Sources */,
				C572B97F1C6B41B000E12B08 /* AppDelegate.swift in Sources */,
			);
			runOnlyForDeploymentPostprocessing = 0;
		};
/* End PBXSourcesBuildPhase section */

/* Begin PBXVariantGroup section */
		C572B9821C6B41B000E12B08 /* Main.storyboard */ = {
			isa = PBXVariantGroup;
			children = (
				C572B9831C6B41B000E12B08 /* Base */,
			);
			name = Main.storyboard;
			sourceTree = "<group>";
		};
		C572B9871C6B41B000E12B08 /* LaunchScreen.storyboard */ = {
			isa = PBXVariantGroup;
			children = (
				C572B9881C6B41B000E12B08 /* Base */,
			);
			name = LaunchScreen.storyboard;
			sourceTree = "<group>";
		};
/* End PBXVariantGroup section */

/* Begin XCBuildConfiguration section */
		C572B98B1C6B41B000E12B08 /* Debug */ = {
			isa = XCBuildConfiguration;
			buildSettings = {
				ALWAYS_SEARCH_USER_PATHS = NO;
				CLANG_CXX_LANGUAGE_STANDARD = "gnu++0x";
				CLANG_CXX_LIBRARY = "libc++";
				CLANG_ENABLE_MODULES = YES;
				CLANG_ENABLE_OBJC_ARC = YES;
				CLANG_WARN_BOOL_CONVERSION = YES;
				CLANG_WARN_CONSTANT_CONVERSION = YES;
				CLANG_WARN_DIRECT_OBJC_ISA_USAGE = YES_ERROR;
				CLANG_WARN_EMPTY_BODY = YES;
				CLANG_WARN_ENUM_CONVERSION = YES;
				CLANG_WARN_INT_CONVERSION = YES;
				CLANG_WARN_OBJC_ROOT_CLASS = YES_ERROR;
				CLANG_WARN_UNREACHABLE_CODE = YES;
				CLANG_WARN__DUPLICATE_METHOD_MATCH = YES;
				"CODE_SIGN_IDENTITY[sdk=iphoneos*]" = "iPhone Developer";
				COPY_PHASE_STRIP = NO;
				DEBUG_INFORMATION_FORMAT = dwarf;
				ENABLE_STRICT_OBJC_MSGSEND = YES;
				ENABLE_TESTABILITY = YES;
				GCC_C_LANGUAGE_STANDARD = gnu99;
				GCC_DYNAMIC_NO_PIC = NO;
				GCC_NO_COMMON_BLOCKS = YES;
				GCC_OPTIMIZATION_LEVEL = 0;
				GCC_PREPROCESSOR_DEFINITIONS = (
					"DEBUG=1",
					"$(inherited)",
				);
				GCC_WARN_64_TO_32_BIT_CONVERSION = YES;
				GCC_WARN_ABOUT_RETURN_TYPE = YES_ERROR;
				GCC_WARN_UNDECLARED_SELECTOR = YES;
				GCC_WARN_UNINITIALIZED_AUTOS = YES_AGGRESSIVE;
				GCC_WARN_UNUSED_FUNCTION = YES;
				GCC_WARN_UNUSED_VARIABLE = YES;
				IPHONEOS_DEPLOYMENT_TARGET = 9.2;
				MTL_ENABLE_DEBUG_INFO = YES;
				ONLY_ACTIVE_ARCH = YES;
				SDKROOT = iphoneos;
				SWIFT_OPTIMIZATION_LEVEL = "-Onone";
				TARGETED_DEVICE_FAMILY = "1,2";
			};
			name = Debug;
		};
		C572B98C1C6B41B000E12B08 /* Release */ = {
			isa = XCBuildConfiguration;
			buildSettings = {
				ALWAYS_SEARCH_USER_PATHS = NO;
				CLANG_CXX_LANGUAGE_STANDARD = "gnu++0x";
				CLANG_CXX_LIBRARY = "libc++";
				CLANG_ENABLE_MODULES = YES;
				CLANG_ENABLE_OBJC_ARC = YES;
				CLANG_WARN_BOOL_CONVERSION = YES;
				CLANG_WARN_CONSTANT_CONVERSION = YES;
				CLANG_WARN_DIRECT_OBJC_ISA_USAGE = YES_ERROR;
				CLANG_WARN_EMPTY_BODY = YES;
				CLANG_WARN_ENUM_CONVERSION = YES;
				CLANG_WARN_INT_CONVERSION = YES;
				CLANG_WARN_OBJC_ROOT_CLASS = YES_ERROR;
				CLANG_WARN_UNREACHABLE_CODE = YES;
				CLANG_WARN__DUPLICATE_METHOD_MATCH = YES;
				"CODE_SIGN_IDENTITY[sdk=iphoneos*]" = "iPhone Developer";
				COPY_PHASE_STRIP = NO;
				DEBUG_INFORMATION_FORMAT = "dwarf-with-dsym";
				ENABLE_NS_ASSERTIONS = NO;
				ENABLE_STRICT_OBJC_MSGSEND = YES;
				GCC_C_LANGUAGE_STANDARD = gnu99;
				GCC_NO_COMMON_BLOCKS = YES;
				GCC_WARN_64_TO_32_BIT_CONVERSION = YES;
				GCC_WARN_ABOUT_RETURN_TYPE = YES_ERROR;
				GCC_WARN_UNDECLARED_SELECTOR = YES;
				GCC_WARN_UNINITIALIZED_AUTOS = YES_AGGRESSIVE;
				GCC_WARN_UNUSED_FUNCTION = YES;
				GCC_WARN_UNUSED_VARIABLE = YES;
				IPHONEOS_DEPLOYMENT_TARGET = 9.2;
				MTL_ENABLE_DEBUG_INFO = NO;
				SDKROOT = iphoneos;
				TARGETED_DEVICE_FAMILY = "1,2";
				VALIDATE_PRODUCT = YES;
			};
			name = Release;
		};
		C572B98E1C6B41B000E12B08 /* Debug */ = {
			isa = XCBuildConfiguration;
			buildSettings = {
				ASSETCATALOG_COMPILER_APPICON_NAME = AppIcon;
				INFOPLIST_FILE = CheckboxResearch/Info.plist;
				LD_RUNPATH_SEARCH_PATHS = "$(inherited) @executable_path/Frameworks";
				PRODUCT_BUNDLE_IDENTIFIER = com.maximpervushin.CheckboxResearch;
				PRODUCT_NAME = "$(TARGET_NAME)";
			};
			name = Debug;
		};
		C572B98F1C6B41B000E12B08 /* Release */ = {
			isa = XCBuildConfiguration;
			buildSettings = {
				ASSETCATALOG_COMPILER_APPICON_NAME = AppIcon;
				INFOPLIST_FILE = CheckboxResearch/Info.plist;
				LD_RUNPATH_SEARCH_PATHS = "$(inherited) @executable_path/Frameworks";
				PRODUCT_BUNDLE_IDENTIFIER = com.maximpervushin.CheckboxResearch;
				PRODUCT_NAME = "$(TARGET_NAME)";
			};
			name = Release;
		};
/* End XCBuildConfiguration section */

/* Begin XCConfigurationList section */
		C572B9761C6B41B000E12B08 /* Build configuration list for PBXProject "CheckboxResearch" */ = {
			isa = XCConfigurationList;
			buildConfigurations = (
				C572B98B1C6B41B000E12B08 /* Debug */,
				C572B98C1C6B41B000E12B08 /* Release */,
			);
			defaultConfigurationIsVisible = 0;
			defaultConfigurationName = Release;
		};
		C572B98D1C6B41B000E12B08 /* Build configuration list for PBXNativeTarget "CheckboxResearch" */ = {
			isa = XCConfigurationList;
			buildConfigurations = (
				C572B98E1C6B41B000E12B08 /* Debug */,
				C572B98F1C6B41B000E12B08 /* Release */,
			);
			defaultConfigurationIsVisible = 0;
		};
/* End XCConfigurationList section */
	};
	rootObject = C572B9731C6B41B000E12B08 /* Project object */;
}
